// !$*UTF8*$!
{
	archiveVersion = 1;
	classes = {
	};
	objectVersion = 46;
	objects = {

/* Begin PBXBuildFile section */
		5205A2D8164EDB44006C34E7 /* CustomNabBar.m in Sources */ = {isa = PBXBuildFile; fileRef = 5205A2D7164EDB44006C34E7 /* CustomNabBar.m */; };
		5205A2DA164EE21A006C34E7 /* backgrnd.png in Resources */ = {isa = PBXBuildFile; fileRef = 5205A2D9164EE21A006C34E7 /* backgrnd.png */; };
		5205A2E6164EE3A4006C34E7 /* MainCell.m in Sources */ = {isa = PBXBuildFile; fileRef = 5205A2E5164EE3A4006C34E7 /* MainCell.m */; };
		5205A2E9164EE609006C34E7 /* bigCellView.png in Resources */ = {isa = PBXBuildFile; fileRef = 5205A2E8164EE609006C34E7 /* bigCellView.png */; };
		5205A2ED164EE8F3006C34E7 /* celebraties.png in Resources */ = {isa = PBXBuildFile; fileRef = 5205A2EA164EE8F2006C34E7 /* celebraties.png */; };
		5205A2EE164EE8F3006C34E7 /* songs.png in Resources */ = {isa = PBXBuildFile; fileRef = 5205A2EB164EE8F2006C34E7 /* songs.png */; };
		5205A2EF164EE8F3006C34E7 /* toats.png in Resources */ = {isa = PBXBuildFile; fileRef = 5205A2EC164EE8F2006C34E7 /* toats.png */; };
		5205A300164F7957006C34E7 /* MyriadPro-Bold.otf in Resources */ = {isa = PBXBuildFile; fileRef = 5205A2FF164F7957006C34E7 /* MyriadPro-Bold.otf */; };
		5205A302164F8108006C34E7 /* LOBSTER.TTF in Resources */ = {isa = PBXBuildFile; fileRef = 5205A301164F8003006C34E7 /* LOBSTER.TTF */; };
		5205A304164FAE5B006C34E7 /* tabbar.png in Resources */ = {isa = PBXBuildFile; fileRef = 5205A303164FAE5B006C34E7 /* tabbar.png */; };
		5205A306164FC72F006C34E7 /* smallCellView.png in Resources */ = {isa = PBXBuildFile; fileRef = 5205A305164FC72E006C34E7 /* smallCellView.png */; };
		5205A308164FC795006C34E7 /* Default.png in Resources */ = {isa = PBXBuildFile; fileRef = 5205A307164FC794006C34E7 /* Default.png */; };
		5205A30A164FC79C006C34E7 /* Default@2x.png in Resources */ = {isa = PBXBuildFile; fileRef = 5205A309164FC79B006C34E7 /* Default@2x.png */; };
		5205A30D164FC92C006C34E7 /* SongCell.m in Sources */ = {isa = PBXBuildFile; fileRef = 5205A30C164FC92C006C34E7 /* SongCell.m */; };
		5205A30F164FCBB4006C34E7 /* sectionView.png in Resources */ = {isa = PBXBuildFile; fileRef = 5205A30E164FCBB4006C34E7 /* sectionView.png */; };
		5205A312164FCE06006C34E7 /* MyLabel.m in Sources */ = {isa = PBXBuildFile; fileRef = 5205A311164FCE06006C34E7 /* MyLabel.m */; };
		5205A31A164FD5DE006C34E7 /* favorite_sel.png in Resources */ = {isa = PBXBuildFile; fileRef = 5205A316164FD5DA006C34E7 /* favorite_sel.png */; };
		5205A31B164FD5DE006C34E7 /* favorite.png in Resources */ = {isa = PBXBuildFile; fileRef = 5205A317164FD5DB006C34E7 /* favorite.png */; };
		5205A31C164FD5DE006C34E7 /* minus.png in Resources */ = {isa = PBXBuildFile; fileRef = 5205A318164FD5DC006C34E7 /* minus.png */; };
		5205A31D164FD5DE006C34E7 /* plus.png in Resources */ = {isa = PBXBuildFile; fileRef = 5205A319164FD5DD006C34E7 /* plus.png */; };
		5205A31F164FD636006C34E7 /* Aa.png in Resources */ = {isa = PBXBuildFile; fileRef = 5205A31E164FD635006C34E7 /* Aa.png */; };
		5205A321164FE053006C34E7 /* MyriadPro-It.otf in Resources */ = {isa = PBXBuildFile; fileRef = 5205A320164FDC9A006C34E7 /* MyriadPro-It.otf */; };
		5205A32516501BE1006C34E7 /* share.png in Resources */ = {isa = PBXBuildFile; fileRef = 5205A32416501BE1006C34E7 /* share.png */; };
		5205A327165027AB006C34E7 /* backgrnd@2x.png in Resources */ = {isa = PBXBuildFile; fileRef = 5205A326165027A9006C34E7 /* backgrnd@2x.png */; };
		5205A32B16502830006C34E7 /* navbar@2x.png in Resources */ = {isa = PBXBuildFile; fileRef = 5205A32A16502830006C34E7 /* navbar@2x.png */; };
		5205A32D16502858006C34E7 /* songs@2x.png in Resources */ = {isa = PBXBuildFile; fileRef = 5205A32C16502856006C34E7 /* songs@2x.png */; };
		5205A32F165028A4006C34E7 /* toats@2x.png in Resources */ = {isa = PBXBuildFile; fileRef = 5205A32E165028A1006C34E7 /* toats@2x.png */; };
		5205A331165028BD006C34E7 /* celebraties@2x.png in Resources */ = {isa = PBXBuildFile; fileRef = 5205A330165028BB006C34E7 /* celebraties@2x.png */; };
		5205A3331650293B006C34E7 /* sectionView@2x.png in Resources */ = {isa = PBXBuildFile; fileRef = 5205A3321650293A006C34E7 /* sectionView@2x.png */; };
		5205A33516502958006C34E7 /* tab1@2x.png in Resources */ = {isa = PBXBuildFile; fileRef = 5205A33416502957006C34E7 /* tab1@2x.png */; };
		5205A33716502966006C34E7 /* tab0@2x.png in Resources */ = {isa = PBXBuildFile; fileRef = 5205A33616502966006C34E7 /* tab0@2x.png */; };
		5205A33916502985006C34E7 /* tab0_sel@2x.png in Resources */ = {isa = PBXBuildFile; fileRef = 5205A33816502984006C34E7 /* tab0_sel@2x.png */; };
		5205A33B165029A6006C34E7 /* tabbar@2x.png in Resources */ = {isa = PBXBuildFile; fileRef = 5205A33A165029A5006C34E7 /* tabbar@2x.png */; };
		5205A33D165029E9006C34E7 /* tab1_sel@2x.png in Resources */ = {isa = PBXBuildFile; fileRef = 5205A33C165029E8006C34E7 /* tab1_sel@2x.png */; };
		5205A33F16502A25006C34E7 /* favorite@2x.png in Resources */ = {isa = PBXBuildFile; fileRef = 5205A33E16502A24006C34E7 /* favorite@2x.png */; };
		5205A34116502A3F006C34E7 /* favorite_sel@2x.png in Resources */ = {isa = PBXBuildFile; fileRef = 5205A34016502A3E006C34E7 /* favorite_sel@2x.png */; };
		5205A34316502A6A006C34E7 /* plus@2x.png in Resources */ = {isa = PBXBuildFile; fileRef = 5205A34216502A69006C34E7 /* plus@2x.png */; };
		5205A34516502A7A006C34E7 /* minus@2x.png in Resources */ = {isa = PBXBuildFile; fileRef = 5205A34416502A79006C34E7 /* minus@2x.png */; };
		5205A34716502AA0006C34E7 /* bigCellView@2x.png in Resources */ = {isa = PBXBuildFile; fileRef = 5205A34616502AA0006C34E7 /* bigCellView@2x.png */; };
		5205A34916502AD5006C34E7 /* smallCellView@2x.png in Resources */ = {isa = PBXBuildFile; fileRef = 5205A34816502AD5006C34E7 /* smallCellView@2x.png */; };
		5205A34B16502AF8006C34E7 /* Aа@2x.png in Resources */ = {isa = PBXBuildFile; fileRef = 5205A34A16502AF6006C34E7 /* Aа@2x.png */; };
		5205A34D16502B1F006C34E7 /* back_main@2x.png in Resources */ = {isa = PBXBuildFile; fileRef = 5205A34C16502B1E006C34E7 /* back_main@2x.png */; };
		5205A34F16502B30006C34E7 /* share@2x.png in Resources */ = {isa = PBXBuildFile; fileRef = 5205A34E16502B2F006C34E7 /* share@2x.png */; };
		5205A353165032CA006C34E7 /* 1_Тосты&20_военные.txt in Resources */ = {isa = PBXBuildFile; fileRef = 5205A352165032C7006C34E7 /* 1_Тосты&20_военные.txt */; };
		5205A355165032E5006C34E7 /* 1_Тосты&21_бизнес.txt in Resources */ = {isa = PBXBuildFile; fileRef = 5205A354165032E2006C34E7 /* 1_Тосты&21_бизнес.txt */; };
		5205A357165032F9006C34E7 /* 1_Тосты&17_с новым годом.txt in Resources */ = {isa = PBXBuildFile; fileRef = 5205A356165032F7006C34E7 /* 1_Тосты&17_с новым годом.txt */; };
		52096E4F163A789E00274925 /* 2_поздравления&40_с Днем Рождения&121_бабушке  .txt in Resources */ = {isa = PBXBuildFile; fileRef = 52096E4C163A789E00274925 /* 2_поздравления&40_с Днем Рождения&121_бабушке  .txt */; };
		52096E50163A789E00274925 /* 2_поздравления&40_с Днем Рождения&122_Внуку  .txt in Resources */ = {isa = PBXBuildFile; fileRef = 52096E4D163A789E00274925 /* 2_поздравления&40_с Днем Рождения&122_Внуку  .txt */; };
		52096E5E163A78AE00274925 /* 2_поздравления&40_с Днем Рождения&124_девочке.txt in Resources */ = {isa = PBXBuildFile; fileRef = 52096E53163A78AE00274925 /* 2_поздравления&40_с Днем Рождения&124_девочке.txt */; };
		52096E5F163A78AE00274925 /* 2_поздравления&40_с Днем Рождения&125_девушке  .txt in Resources */ = {isa = PBXBuildFile; fileRef = 52096E54163A78AE00274925 /* 2_поздравления&40_с Днем Рождения&125_девушке  .txt */; };
		52096E60163A78AE00274925 /* 2_поздравления&40_с Днем Рождения&126_дедушке  .txt in Resources */ = {isa = PBXBuildFile; fileRef = 52096E55163A78AE00274925 /* 2_поздравления&40_с Днем Рождения&126_дедушке  .txt */; };
		52096E61163A78AE00274925 /* 2_поздравления&40_с Днем Рождения&127_дочке  .txt in Resources */ = {isa = PBXBuildFile; fileRef = 52096E56163A78AE00274925 /* 2_поздравления&40_с Днем Рождения&127_дочке  .txt */; };
		52096E62163A78AE00274925 /* 2_поздравления&40_с Днем Рождения&128_другу  .txt in Resources */ = {isa = PBXBuildFile; fileRef = 52096E57163A78AE00274925 /* 2_поздравления&40_с Днем Рождения&128_другу  .txt */; };
		52096E63163A78AE00274925 /* 2_поздравления&40_с Днем Рождения&129_дяде  .txt in Resources */ = {isa = PBXBuildFile; fileRef = 52096E58163A78AE00274925 /* 2_поздравления&40_с Днем Рождения&129_дяде  .txt */; };
		52096E64163A78AE00274925 /* 2_поздравления&40_с Днем Рождения&130_жене  .txt in Resources */ = {isa = PBXBuildFile; fileRef = 52096E59163A78AE00274925 /* 2_поздравления&40_с Днем Рождения&130_жене  .txt */; };
		52096E65163A78AE00274925 /* 2_поздравления&40_с Днем Рождения&131_женщине  .txt in Resources */ = {isa = PBXBuildFile; fileRef = 52096E5A163A78AE00274925 /* 2_поздравления&40_с Днем Рождения&131_женщине  .txt */; };
		52096E66163A78AE00274925 /* 2_поздравления&40_с Днем Рождения&132_зятю  .txt in Resources */ = {isa = PBXBuildFile; fileRef = 52096E5B163A78AE00274925 /* 2_поздравления&40_с Днем Рождения&132_зятю  .txt */; };
		52096E67163A78AE00274925 /* 2_поздравления&40_с Днем Рождения&133_коллеге-женщине  .txt in Resources */ = {isa = PBXBuildFile; fileRef = 52096E5C163A78AE00274925 /* 2_поздравления&40_с Днем Рождения&133_коллеге-женщине  .txt */; };
		52096E7C163A78BE00274925 /* 2_поздравления&40_с Днем Рождения&135_крестнику  .txt in Resources */ = {isa = PBXBuildFile; fileRef = 52096E69163A78BE00274925 /* 2_поздравления&40_с Днем Рождения&135_крестнику  .txt */; };
		52096E7D163A78BE00274925 /* 2_поздравления&40_с Днем Рождения?137_крестнице  .txt in Resources */ = {isa = PBXBuildFile; fileRef = 52096E6A163A78BE00274925 /* 2_поздравления&40_с Днем Рождения?137_крестнице  .txt */; };
		52096E7E163A78BE00274925 /* 2_поздравления&40_с Днем Рождения&154_крестной маме .txt in Resources */ = {isa = PBXBuildFile; fileRef = 52096E6B163A78BE00274925 /* 2_поздравления&40_с Днем Рождения&154_крестной маме .txt */; };
		52096E7F163A78BE00274925 /* 2_поздравления&40_с Днем Рождения&153_крестному .txt in Resources */ = {isa = PBXBuildFile; fileRef = 52096E6C163A78BE00274925 /* 2_поздравления&40_с Днем Рождения&153_крестному .txt */; };
		52096E80163A78BE00274925 /* 2_поздравления&40_с Днем Рождения&138_куму  .txt in Resources */ = {isa = PBXBuildFile; fileRef = 52096E6D163A78BE00274925 /* 2_поздравления&40_с Днем Рождения&138_куму  .txt */; };
		52096E81163A78BE00274925 /* 2_поздравления&40_с Днем Рождения&139_любовнику  .txt in Resources */ = {isa = PBXBuildFile; fileRef = 52096E6E163A78BE00274925 /* 2_поздравления&40_с Днем Рождения&139_любовнику  .txt */; };
		52096E82163A78BE00274925 /* 2_поздравления&40_с Днем Рождения&140_любовнице   .txt in Resources */ = {isa = PBXBuildFile; fileRef = 52096E6F163A78BE00274925 /* 2_поздравления&40_с Днем Рождения&140_любовнице   .txt */; };
		52096E83163A78BE00274925 /* 2_поздравления&40_с Днем Рождения&141_мальчику .txt in Resources */ = {isa = PBXBuildFile; fileRef = 52096E70163A78BE00274925 /* 2_поздравления&40_с Днем Рождения&141_мальчику .txt */; };
		52096E84163A78BE00274925 /* 2_поздравления&40_с Днем Рождения&142_маме  .txt in Resources */ = {isa = PBXBuildFile; fileRef = 52096E71163A78BE00274925 /* 2_поздравления&40_с Днем Рождения&142_маме  .txt */; };
		52096E85163A78BE00274925 /* 2_поздравления&40_с Днем Рождения&143_мужчине  .txt in Resources */ = {isa = PBXBuildFile; fileRef = 52096E72163A78BE00274925 /* 2_поздравления&40_с Днем Рождения&143_мужчине  .txt */; };
		52096E86163A78BE00274925 /* 2_поздравления&40_с Днем Рождения&144_начальнику    .txt in Resources */ = {isa = PBXBuildFile; fileRef = 52096E73163A78BE00274925 /* 2_поздравления&40_с Днем Рождения&144_начальнику    .txt */; };
		52096E87163A78BE00274925 /* 2_поздравления&40_с Днем Рождения&145_невестке  .txt in Resources */ = {isa = PBXBuildFile; fileRef = 52096E74163A78BE00274925 /* 2_поздравления&40_с Днем Рождения&145_невестке  .txt */; };
		52096E88163A78BE00274925 /* 2_поздравления&40_с Днем Рождения&146_одногруппнику  .txt in Resources */ = {isa = PBXBuildFile; fileRef = 52096E75163A78BE00274925 /* 2_поздравления&40_с Днем Рождения&146_одногруппнику  .txt */; };
		52096E89163A78BE00274925 /* 2_поздравления&40_с Днем Рождения&147_одногруппнице  .txt in Resources */ = {isa = PBXBuildFile; fileRef = 52096E76163A78BE00274925 /* 2_поздравления&40_с Днем Рождения&147_одногруппнице  .txt */; };
		52096E8A163A78BE00274925 /* 2_поздравления&40_с Днем Рождения&148_папе  .txt in Resources */ = {isa = PBXBuildFile; fileRef = 52096E77163A78BE00274925 /* 2_поздравления&40_с Днем Рождения&148_папе  .txt */; };
		52096E8B163A78BE00274925 /* 2_поздравления&40_с Днем Рождения&149_парню  .txt in Resources */ = {isa = PBXBuildFile; fileRef = 52096E78163A78BE00274925 /* 2_поздравления&40_с Днем Рождения&149_парню  .txt */; };
		52096E8C163A78BE00274925 /* 2_поздравления&40_с Днем Рождения&150_племяннику  .txt in Resources */ = {isa = PBXBuildFile; fileRef = 52096E79163A78BE00274925 /* 2_поздравления&40_с Днем Рождения&150_племяннику  .txt */; };
		52096E8D163A78BE00274925 /* 2_поздравления&40_с Днем Рождения&151_племяннице  .txt in Resources */ = {isa = PBXBuildFile; fileRef = 52096E7A163A78BE00274925 /* 2_поздравления&40_с Днем Рождения&151_племяннице  .txt */; };
		52096E8E163A78BE00274925 /* 2_поздравления&40_с Днем Рождения&152_прикольные  .txt in Resources */ = {isa = PBXBuildFile; fileRef = 52096E7B163A78BE00274925 /* 2_поздравления&40_с Днем Рождения&152_прикольные  .txt */; };
		52096E99163A78D000274925 /* 2_поздравления&40_с Днем Рождения&100_брату .txt in Resources */ = {isa = PBXBuildFile; fileRef = 52096E8F163A78D000274925 /* 2_поздравления&40_с Днем Рождения&100_брату .txt */; };
		52096E9A163A78D000274925 /* 2_поздравления&40_с Днем Рождения&101_завод .txt in Resources */ = {isa = PBXBuildFile; fileRef = 52096E90163A78D000274925 /* 2_поздравления&40_с Днем Рождения&101_завод .txt */; };
		52096E9B163A78D000274925 /* 2_поздравления&40_с Днем Рождения&102_компании.txt in Resources */ = {isa = PBXBuildFile; fileRef = 52096E91163A78D000274925 /* 2_поздравления&40_с Днем Рождения&102_компании.txt */; };
		52096E9C163A78D000274925 /* 2_поздравления&40_с Днем Рождения&103_куме .txt in Resources */ = {isa = PBXBuildFile; fileRef = 52096E92163A78D000274925 /* 2_поздравления&40_с Днем Рождения&103_куме .txt */; };
		52096E9D163A78D000274925 /* 2_поздравления&40_с Днем Рождения&104_любимому .txt in Resources */ = {isa = PBXBuildFile; fileRef = 52096E93163A78D000274925 /* 2_поздравления&40_с Днем Рождения&104_любимому .txt */; };
		52096E9E163A78D000274925 /* 2_поздравления&40_с Днем Рождения&105_мужу .txt in Resources */ = {isa = PBXBuildFile; fileRef = 52096E94163A78D000274925 /* 2_поздравления&40_с Днем Рождения&105_мужу .txt */; };
		52096E9F163A78D000274925 /* 2_поздравления&40_с Днем Рождения&106_организации .txt in Resources */ = {isa = PBXBuildFile; fileRef = 52096E95163A78D000274925 /* 2_поздравления&40_с Днем Рождения&106_организации .txt */; };
		52096EA0163A78D000274925 /* 2_поздравления&40_с Днем Рождения&107_отдела .txt in Resources */ = {isa = PBXBuildFile; fileRef = 52096E96163A78D000274925 /* 2_поздравления&40_с Днем Рождения&107_отдела .txt */; };
		52096EA1163A78D000274925 /* 2_поздравления&40_с Днем Рождения&108_офиса .txt in Resources */ = {isa = PBXBuildFile; fileRef = 52096E97163A78D000274925 /* 2_поздравления&40_с Днем Рождения&108_офиса .txt */; };
		52096EA2163A78D000274925 /* 2_поздравления&40_с Днем Рождения&109_предприятия .txt in Resources */ = {isa = PBXBuildFile; fileRef = 52096E98163A78D000274925 /* 2_поздравления&40_с Днем Рождения&109_предприятия .txt */; };
		52096EAF163A78DA00274925 /* 2_поздравления&40_с Днем Рождения&110_свату .txt in Resources */ = {isa = PBXBuildFile; fileRef = 52096EA3163A78DA00274925 /* 2_поздравления&40_с Днем Рождения&110_свату .txt */; };
		52096EB0163A78DA00274925 /* 2_поздравления&40_с Днем Рождения&111_сватье .txt in Resources */ = {isa = PBXBuildFile; fileRef = 52096EA4163A78DA00274925 /* 2_поздравления&40_с Днем Рождения&111_сватье .txt */; };
		52096EB1163A78DA00274925 /* 2_поздравления&40_с Днем Рождения&112_сестре .txt in Resources */ = {isa = PBXBuildFile; fileRef = 52096EA5163A78DA00274925 /* 2_поздравления&40_с Днем Рождения&112_сестре .txt */; };
		52096EB2163A78DA00274925 /* 2_поздравления&40_с Днем Рождения&113_тестю .txt in Resources */ = {isa = PBXBuildFile; fileRef = 52096EA6163A78DA00274925 /* 2_поздравления&40_с Днем Рождения&113_тестю .txt */; };
		52096EB3163A78DA00274925 /* 2_поздравления&40_с Днем Рождения&114_фабрики .txt in Resources */ = {isa = PBXBuildFile; fileRef = 52096EA7163A78DA00274925 /* 2_поздравления&40_с Днем Рождения&114_фабрики .txt */; };
		52096EB4163A78DA00274925 /* 2_поздравления&40_с Днем Рождения&115_фирмы .txt in Resources */ = {isa = PBXBuildFile; fileRef = 52096EA8163A78DA00274925 /* 2_поздравления&40_с Днем Рождения&115_фирмы .txt */; };
		52096EB5163A78DA00274925 /* 2_поздравления&40_с Днем Рождения&116_свекрови .txt in Resources */ = {isa = PBXBuildFile; fileRef = 52096EA9163A78DA00274925 /* 2_поздравления&40_с Днем Рождения&116_свекрови .txt */; };
		52096EB6163A78DA00274925 /* 2_поздравления&40_с Днем Рождения&117_свекру  .txt in Resources */ = {isa = PBXBuildFile; fileRef = 52096EAA163A78DA00274925 /* 2_поздравления&40_с Днем Рождения&117_свекру  .txt */; };
		52096EB8163A78DA00274925 /* 2_поздравления&40_с Днем Рождения&118_сыну  .txt in Resources */ = {isa = PBXBuildFile; fileRef = 52096EAC163A78DA00274925 /* 2_поздравления&40_с Днем Рождения&118_сыну  .txt */; };
		52096EB9163A78DA00274925 /* 2_поздравления&40_с Днем Рождения&119_тете  .txt in Resources */ = {isa = PBXBuildFile; fileRef = 52096EAD163A78DA00274925 /* 2_поздравления&40_с Днем Рождения&119_тете  .txt */; };
		52096EBA163A78DA00274925 /* 2_поздравления&40_с Днем Рождения&120_теще  .txt in Resources */ = {isa = PBXBuildFile; fileRef = 52096EAE163A78DA00274925 /* 2_поздравления&40_с Днем Рождения&120_теще  .txt */; };
		522854D915CD5FD70078DF6D /* MediaListTableVC.m in Sources */ = {isa = PBXBuildFile; fileRef = 522854D815CD5FD70078DF6D /* MediaListTableVC.m */; };
		522854DD15CD69E00078DF6D /* DetailVC.m in Sources */ = {isa = PBXBuildFile; fileRef = 522854DC15CD69E00078DF6D /* DetailVC.m */; };
		5251FF0315BAC7F40039C78C /* UIKit.framework in Frameworks */ = {isa = PBXBuildFile; fileRef = 5251FF0215BAC7F40039C78C /* UIKit.framework */; };
		5251FF0515BAC7F40039C78C /* Foundation.framework in Frameworks */ = {isa = PBXBuildFile; fileRef = 5251FF0415BAC7F40039C78C /* Foundation.framework */; };
		5251FF0715BAC7F40039C78C /* CoreGraphics.framework in Frameworks */ = {isa = PBXBuildFile; fileRef = 5251FF0615BAC7F40039C78C /* CoreGraphics.framework */; };
		5251FF0915BAC7F40039C78C /* CoreData.framework in Frameworks */ = {isa = PBXBuildFile; fileRef = 5251FF0815BAC7F40039C78C /* CoreData.framework */; };
		5251FF0F15BAC7F40039C78C /* InfoPlist.strings in Resources */ = {isa = PBXBuildFile; fileRef = 5251FF0D15BAC7F40039C78C /* InfoPlist.strings */; };
		5251FF1115BAC7F40039C78C /* main.m in Sources */ = {isa = PBXBuildFile; fileRef = 5251FF1015BAC7F40039C78C /* main.m */; };
		5251FF1515BAC7F40039C78C /* ExPrefixAppDelegate.m in Sources */ = {isa = PBXBuildFile; fileRef = 5251FF1415BAC7F40039C78C /* ExPrefixAppDelegate.m */; };
		5251FF1815BAC7F50039C78C /* RussianToast.xcdatamodeld in Sources */ = {isa = PBXBuildFile; fileRef = 5251FF1615BAC7F50039C78C /* RussianToast.xcdatamodeld */; };
		5251FF2B15BAC8B40039C78C /* MainVC.m in Sources */ = {isa = PBXBuildFile; fileRef = 5251FF2A15BAC8B40039C78C /* MainVC.m */; };
		5251FF3815BAD1140039C78C /* CoreDataManager.m in Sources */ = {isa = PBXBuildFile; fileRef = 5251FF3715BAD1140039C78C /* CoreDataManager.m */; };
		525FF6A6161C7B52003E65D2 /* MessageUI.framework in Frameworks */ = {isa = PBXBuildFile; fileRef = 525FF6A5161C7B52003E65D2 /* MessageUI.framework */; };
		5270B8CE16516C12007F0FF6 /* info.png in Resources */ = {isa = PBXBuildFile; fileRef = 5270B8CC16516C12007F0FF6 /* info.png */; };
		5270B8CF16516C12007F0FF6 /* info@2x.png in Resources */ = {isa = PBXBuildFile; fileRef = 5270B8CD16516C12007F0FF6 /* info@2x.png */; };
		5270B8D316516EF1007F0FF6 /* 3_Застольные песни.txt in Resources */ = {isa = PBXBuildFile; fileRef = 5270B8D216516EF1007F0FF6 /* 3_Застольные песни.txt */; };
		527159CC164ED74400566C95 /* GroupDB.m in Sources */ = {isa = PBXBuildFile; fileRef = 527159CB164ED74400566C95 /* GroupDB.m */; };
		529B068616520B22003B9F9B /* 57.png in Resources */ = {isa = PBXBuildFile; fileRef = 529B068516520B22003B9F9B /* 57.png */; };
		529B068916520B2D003B9F9B /* 114.png in Resources */ = {isa = PBXBuildFile; fileRef = 529B068816520B2D003B9F9B /* 114.png */; };
		529B069F16522CD1003B9F9B /* aboutApp.css in Resources */ = {isa = PBXBuildFile; fileRef = 529B069E16522CD1003B9F9B /* aboutApp.css */; };
		529B06A116522DDD003B9F9B /* aboutApp.html in Resources */ = {isa = PBXBuildFile; fileRef = 529B06A016522DDD003B9F9B /* aboutApp.html */; };
		529B06A516524090003B9F9B /* 29.png in Resources */ = {isa = PBXBuildFile; fileRef = 529B06A216524090003B9F9B /* 29.png */; };
		529B06A616524090003B9F9B /* 58.png in Resources */ = {isa = PBXBuildFile; fileRef = 529B06A316524090003B9F9B /* 58.png */; };
		529B06A716524090003B9F9B /* 72.png in Resources */ = {isa = PBXBuildFile; fileRef = 529B06A416524090003B9F9B /* 72.png */; };
		529B06AF16524C4B003B9F9B /* RootVC.m in Sources */ = {isa = PBXBuildFile; fileRef = 529B06AE16524C4A003B9F9B /* RootVC.m */; };
		529B06B116525602003B9F9B /* back_main.png in Resources */ = {isa = PBXBuildFile; fileRef = 529B06B016525602003B9F9B /* back_main.png */; };
		529B06B416525613003B9F9B /* back@2x.png in Resources */ = {isa = PBXBuildFile; fileRef = 529B06B216525613003B9F9B /* back@2x.png */; };
		529B06B516525613003B9F9B /* back.png in Resources */ = {isa = PBXBuildFile; fileRef = 529B06B316525613003B9F9B /* back.png */; };
		529E3B7F15D1BE1D00EA1685 /* 2_поздравления&41_c 8 марта.txt in Resources */ = {isa = PBXBuildFile; fileRef = 529E3B7E15D1BE1D00EA1685 /* 2_поздравления&41_c 8 марта.txt */; };
		529E3B8215D1BFB400EA1685 /* 2_поздравления&42_с 23 февраля.txt in Resources */ = {isa = PBXBuildFile; fileRef = 529E3B8115D1BFB400EA1685 /* 2_поздравления&42_с 23 февраля.txt */; };
		529E3B8415D1C17500EA1685 /* 2_поздравления&44_с днем Святого Валентина.txt in Resources */ = {isa = PBXBuildFile; fileRef = 529E3B8315D1C17500EA1685 /* 2_поздравления&44_с днем Святого Валентина.txt */; };
		529E3B8615D1C2BE00EA1685 /* 2_поздравления&45_с Новым Годом.txt in Resources */ = {isa = PBXBuildFile; fileRef = 529E3B8515D1C2BE00EA1685 /* 2_поздравления&45_с Новым Годом.txt */; };
		52AE8144164EC2FA0039A029 /* tab0_sel.png in Resources */ = {isa = PBXBuildFile; fileRef = 52AE8140164EC2FA0039A029 /* tab0_sel.png */; };
		52AE8145164EC2FA0039A029 /* tab0.png in Resources */ = {isa = PBXBuildFile; fileRef = 52AE8141164EC2FA0039A029 /* tab0.png */; };
		52AE8146164EC2FA0039A029 /* tab1.png in Resources */ = {isa = PBXBuildFile; fileRef = 52AE8142164EC2FA0039A029 /* tab1.png */; };
		52AE8147164EC33D0039A029 /* CustomTabbarController.m in Sources */ = {isa = PBXBuildFile; fileRef = 52E25E9915BC678B00AF82DE /* CustomTabbarController.m */; };
		52AE8149164EC3CA0039A029 /* tab1_sel.png in Resources */ = {isa = PBXBuildFile; fileRef = 52AE8148164EC3CA0039A029 /* tab1_sel.png */; };
		52AE8180164ED1E00039A029 /* navbar.png in Resources */ = {isa = PBXBuildFile; fileRef = 52AE817E164ED1E00039A029 /* navbar.png */; };
		52B786AD16527E6F0083E134 /* MediaDB.m in Sources */ = {isa = PBXBuildFile; fileRef = 52B786AC16527E6F0083E134 /* MediaDB.m */; };
		52D692A81653E676007D432B /* Accounts.framework in Frameworks */ = {isa = PBXBuildFile; fileRef = 52D692A71653E676007D432B /* Accounts.framework */; settings = {ATTRIBUTES = (Weak, ); }; };
		52D692AB1653E67B007D432B /* Social.framework in Frameworks */ = {isa = PBXBuildFile; fileRef = 52D692AA1653E67B007D432B /* Social.framework */; settings = {ATTRIBUTES = (Weak, ); }; };
		52D7B8BA165572FB009B171A /* nextBtn@2x.png in Resources */ = {isa = PBXBuildFile; fileRef = 52D7B8B6165572FB009B171A /* nextBtn@2x.png */; };
		52D7B8BC165572FB009B171A /* previosBtn@2x.png in Resources */ = {isa = PBXBuildFile; fileRef = 52D7B8B8165572FB009B171A /* previosBtn@2x.png */; };
		52D7B8BF165573A7009B171A /* nextBtn.png in Resources */ = {isa = PBXBuildFile; fileRef = 52D7B8BE165573A7009B171A /* nextBtn.png */; };
		52D7B8C1165573AF009B171A /* previosBtn.png in Resources */ = {isa = PBXBuildFile; fileRef = 52D7B8C0165573AF009B171A /* previosBtn.png */; };
		52DA77C515F25225009B7EC8 /* SongsListVC.m in Sources */ = {isa = PBXBuildFile; fileRef = 52DA77C415F25225009B7EC8 /* SongsListVC.m */; };
		52E25E9D15BC704500AF82DE /* FavoriteVC.m in Sources */ = {isa = PBXBuildFile; fileRef = 52E25E9C15BC704500AF82DE /* FavoriteVC.m */; };
		52E95AD015BDE1B3004DF9B7 /* SubGroupsVC.m in Sources */ = {isa = PBXBuildFile; fileRef = 52E95ACF15BDE1B3004DF9B7 /* SubGroupsVC.m */; };
		52F48BB6164670BA00F0F1A5 /* 1_Тосты&11_муж и жена.txt in Resources */ = {isa = PBXBuildFile; fileRef = 52F48BA7164670BA00F0F1A5 /* 1_Тосты&11_муж и жена.txt */; };
		52F48BB7164670BA00F0F1A5 /* 1_Тосты&12_за мужчин.txt in Resources */ = {isa = PBXBuildFile; fileRef = 52F48BA8164670BA00F0F1A5 /* 1_Тосты&12_за мужчин.txt */; };
		52F48BB8164670BA00F0F1A5 /* 1_Тосты&22_за здоровье.txt in Resources */ = {isa = PBXBuildFile; fileRef = 52F48BA9164670BA00F0F1A5 /* 1_Тосты&22_за здоровье.txt */; };
		52F48BB9164670BA00F0F1A5 /* 1_Тосты&15_тосты одной строкой.txt in Resources */ = {isa = PBXBuildFile; fileRef = 52F48BAA164670BA00F0F1A5 /* 1_Тосты&15_тосты одной строкой.txt */; };
		52F48BBA164670BA00F0F1A5 /* 1_Тосты&19_свадьба.txt in Resources */ = {isa = PBXBuildFile; fileRef = 52F48BAB164670BA00F0F1A5 /* 1_Тосты&19_свадьба.txt */; };
		52F48BBC164670BA00F0F1A5 /* 1_Тосты&23_за счастье, удачу.txt in Resources */ = {isa = PBXBuildFile; fileRef = 52F48BAD164670BA00F0F1A5 /* 1_Тосты&23_за счастье, удачу.txt */; };
		52F48BBD164670BA00F0F1A5 /* 1_Тосты&24_за друзей.txt in Resources */ = {isa = PBXBuildFile; fileRef = 52F48BAE164670BA00F0F1A5 /* 1_Тосты&24_за друзей.txt */; };
		52F48BBE164670BA00F0F1A5 /* 1_Тосты&10_за гостей и хозяев.txt in Resources */ = {isa = PBXBuildFile; fileRef = 52F48BAF164670BA00F0F1A5 /* 1_Тосты&10_за гостей и хозяев.txt */; };
		52F48BBF164670BA00F0F1A5 /* 1_Тосты&13_за женщин.txt in Resources */ = {isa = PBXBuildFile; fileRef = 52F48BB0164670BA00F0F1A5 /* 1_Тосты&13_за женщин.txt */; };
		52F48BC0164670BA00F0F1A5 /* 1_Тосты&14_разные.txt in Resources */ = {isa = PBXBuildFile; fileRef = 52F48BB1164670BA00F0F1A5 /* 1_Тосты&14_разные.txt */; };
		52F48BC2164670BA00F0F1A5 /* 1_Тосты&18_именины.txt in Resources */ = {isa = PBXBuildFile; fileRef = 52F48BB3164670BA00F0F1A5 /* 1_Тосты&18_именины.txt */; };
		52F48BC3164670BA00F0F1A5 /* 1_Тосты&16_юбилеи.txt in Resources */ = {isa = PBXBuildFile; fileRef = 52F48BB4164670BA00F0F1A5 /* 1_Тосты&16_юбилеи.txt */; };
		52F48BC91646743F00F0F1A5 /* InfoVC.m in Sources */ = {isa = PBXBuildFile; fileRef = 52F48BC81646743F00F0F1A5 /* InfoVC.m */; };
/* End PBXBuildFile section */

/* Begin PBXFileReference section */
		5205A2D6164EDB44006C34E7 /* CustomNabBar.h */ = {isa = PBXFileReference; fileEncoding = 4; lastKnownFileType = sourcecode.c.h; path = CustomNabBar.h; sourceTree = "<group>"; };
		5205A2D7164EDB44006C34E7 /* CustomNabBar.m */ = {isa = PBXFileReference; fileEncoding = 4; lastKnownFileType = sourcecode.c.objc; path = CustomNabBar.m; sourceTree = "<group>"; };
		5205A2D9164EE21A006C34E7 /* backgrnd.png */ = {isa = PBXFileReference; lastKnownFileType = image.png; path = backgrnd.png; sourceTree = "<group>"; };
		5205A2E4164EE3A4006C34E7 /* MainCell.h */ = {isa = PBXFileReference; fileEncoding = 4; lastKnownFileType = sourcecode.c.h; path = MainCell.h; sourceTree = "<group>"; };
		5205A2E5164EE3A4006C34E7 /* MainCell.m */ = {isa = PBXFileReference; fileEncoding = 4; lastKnownFileType = sourcecode.c.objc; path = MainCell.m; sourceTree = "<group>"; };
		5205A2E8164EE609006C34E7 /* bigCellView.png */ = {isa = PBXFileReference; lastKnownFileType = image.png; path = bigCellView.png; sourceTree = "<group>"; };
		5205A2EA164EE8F2006C34E7 /* celebraties.png */ = {isa = PBXFileReference; lastKnownFileType = image.png; path = celebraties.png; sourceTree = "<group>"; };
		5205A2EB164EE8F2006C34E7 /* songs.png */ = {isa = PBXFileReference; lastKnownFileType = image.png; path = songs.png; sourceTree = "<group>"; };
		5205A2EC164EE8F2006C34E7 /* toats.png */ = {isa = PBXFileReference; lastKnownFileType = image.png; path = toats.png; sourceTree = "<group>"; };
		5205A2FF164F7957006C34E7 /* MyriadPro-Bold.otf */ = {isa = PBXFileReference; lastKnownFileType = file; path = "MyriadPro-Bold.otf"; sourceTree = "<group>"; };
		5205A301164F8003006C34E7 /* LOBSTER.TTF */ = {isa = PBXFileReference; lastKnownFileType = file; path = LOBSTER.TTF; sourceTree = "<group>"; };
		5205A303164FAE5B006C34E7 /* tabbar.png */ = {isa = PBXFileReference; lastKnownFileType = image.png; path = tabbar.png; sourceTree = "<group>"; };
		5205A305164FC72E006C34E7 /* smallCellView.png */ = {isa = PBXFileReference; lastKnownFileType = image.png; path = smallCellView.png; sourceTree = "<group>"; };
		5205A307164FC794006C34E7 /* Default.png */ = {isa = PBXFileReference; lastKnownFileType = image.png; path = Default.png; sourceTree = "<group>"; };
		5205A309164FC79B006C34E7 /* Default@2x.png */ = {isa = PBXFileReference; lastKnownFileType = image.png; path = "Default@2x.png"; sourceTree = "<group>"; };
		5205A30B164FC92C006C34E7 /* SongCell.h */ = {isa = PBXFileReference; fileEncoding = 4; lastKnownFileType = sourcecode.c.h; path = SongCell.h; sourceTree = "<group>"; };
		5205A30C164FC92C006C34E7 /* SongCell.m */ = {isa = PBXFileReference; fileEncoding = 4; lastKnownFileType = sourcecode.c.objc; path = SongCell.m; sourceTree = "<group>"; };
		5205A30E164FCBB4006C34E7 /* sectionView.png */ = {isa = PBXFileReference; lastKnownFileType = image.png; path = sectionView.png; sourceTree = "<group>"; };
		5205A310164FCE06006C34E7 /* MyLabel.h */ = {isa = PBXFileReference; fileEncoding = 4; lastKnownFileType = sourcecode.c.h; path = MyLabel.h; sourceTree = "<group>"; };
		5205A311164FCE06006C34E7 /* MyLabel.m */ = {isa = PBXFileReference; fileEncoding = 4; lastKnownFileType = sourcecode.c.objc; path = MyLabel.m; sourceTree = "<group>"; };
		5205A316164FD5DA006C34E7 /* favorite_sel.png */ = {isa = PBXFileReference; lastKnownFileType = image.png; path = favorite_sel.png; sourceTree = "<group>"; };
		5205A317164FD5DB006C34E7 /* favorite.png */ = {isa = PBXFileReference; lastKnownFileType = image.png; path = favorite.png; sourceTree = "<group>"; };
		5205A318164FD5DC006C34E7 /* minus.png */ = {isa = PBXFileReference; lastKnownFileType = image.png; path = minus.png; sourceTree = "<group>"; };
		5205A319164FD5DD006C34E7 /* plus.png */ = {isa = PBXFileReference; lastKnownFileType = image.png; path = plus.png; sourceTree = "<group>"; };
		5205A31E164FD635006C34E7 /* Aa.png */ = {isa = PBXFileReference; lastKnownFileType = image.png; path = Aa.png; sourceTree = "<group>"; };
		5205A320164FDC9A006C34E7 /* MyriadPro-It.otf */ = {isa = PBXFileReference; lastKnownFileType = file; path = "MyriadPro-It.otf"; sourceTree = "<group>"; };
		5205A32416501BE1006C34E7 /* share.png */ = {isa = PBXFileReference; lastKnownFileType = image.png; path = share.png; sourceTree = "<group>"; };
		5205A326165027A9006C34E7 /* backgrnd@2x.png */ = {isa = PBXFileReference; lastKnownFileType = image.png; path = "backgrnd@2x.png"; sourceTree = "<group>"; };
		5205A32A16502830006C34E7 /* navbar@2x.png */ = {isa = PBXFileReference; lastKnownFileType = image.png; path = "navbar@2x.png"; sourceTree = "<group>"; };
		5205A32C16502856006C34E7 /* songs@2x.png */ = {isa = PBXFileReference; lastKnownFileType = image.png; path = "songs@2x.png"; sourceTree = "<group>"; };
		5205A32E165028A1006C34E7 /* toats@2x.png */ = {isa = PBXFileReference; lastKnownFileType = image.png; path = "toats@2x.png"; sourceTree = "<group>"; };
		5205A330165028BB006C34E7 /* celebraties@2x.png */ = {isa = PBXFileReference; lastKnownFileType = image.png; path = "celebraties@2x.png"; sourceTree = "<group>"; };
		5205A3321650293A006C34E7 /* sectionView@2x.png */ = {isa = PBXFileReference; lastKnownFileType = image.png; path = "sectionView@2x.png"; sourceTree = "<group>"; };
		5205A33416502957006C34E7 /* tab1@2x.png */ = {isa = PBXFileReference; lastKnownFileType = image.png; path = "tab1@2x.png"; sourceTree = "<group>"; };
		5205A33616502966006C34E7 /* tab0@2x.png */ = {isa = PBXFileReference; lastKnownFileType = image.png; path = "tab0@2x.png"; sourceTree = "<group>"; };
		5205A33816502984006C34E7 /* tab0_sel@2x.png */ = {isa = PBXFileReference; lastKnownFileType = image.png; path = "tab0_sel@2x.png"; sourceTree = "<group>"; };
		5205A33A165029A5006C34E7 /* tabbar@2x.png */ = {isa = PBXFileReference; lastKnownFileType = image.png; path = "tabbar@2x.png"; sourceTree = "<group>"; };
		5205A33C165029E8006C34E7 /* tab1_sel@2x.png */ = {isa = PBXFileReference; lastKnownFileType = image.png; path = "tab1_sel@2x.png"; sourceTree = "<group>"; };
		5205A33E16502A24006C34E7 /* favorite@2x.png */ = {isa = PBXFileReference; lastKnownFileType = image.png; path = "favorite@2x.png"; sourceTree = "<group>"; };
		5205A34016502A3E006C34E7 /* favorite_sel@2x.png */ = {isa = PBXFileReference; lastKnownFileType = image.png; path = "favorite_sel@2x.png"; sourceTree = "<group>"; };
		5205A34216502A69006C34E7 /* plus@2x.png */ = {isa = PBXFileReference; lastKnownFileType = image.png; path = "plus@2x.png"; sourceTree = "<group>"; };
		5205A34416502A79006C34E7 /* minus@2x.png */ = {isa = PBXFileReference; lastKnownFileType = image.png; path = "minus@2x.png"; sourceTree = "<group>"; };
		5205A34616502AA0006C34E7 /* bigCellView@2x.png */ = {isa = PBXFileReference; lastKnownFileType = image.png; path = "bigCellView@2x.png"; sourceTree = "<group>"; };
		5205A34816502AD5006C34E7 /* smallCellView@2x.png */ = {isa = PBXFileReference; lastKnownFileType = image.png; path = "smallCellView@2x.png"; sourceTree = "<group>"; };
		5205A34A16502AF6006C34E7 /* Aа@2x.png */ = {isa = PBXFileReference; lastKnownFileType = image.png; path = "Aа@2x.png"; sourceTree = "<group>"; };
		5205A34C16502B1E006C34E7 /* back_main@2x.png */ = {isa = PBXFileReference; lastKnownFileType = image.png; path = "back_main@2x.png"; sourceTree = "<group>"; };
		5205A34E16502B2F006C34E7 /* share@2x.png */ = {isa = PBXFileReference; lastKnownFileType = image.png; path = "share@2x.png"; sourceTree = "<group>"; };
		5205A352165032C7006C34E7 /* 1_Тосты&20_военные.txt */ = {isa = PBXFileReference; lastKnownFileType = text; path = "1_Тосты&20_военные.txt"; sourceTree = "<group>"; };
		5205A354165032E2006C34E7 /* 1_Тосты&21_бизнес.txt */ = {isa = PBXFileReference; lastKnownFileType = text; path = "1_Тосты&21_бизнес.txt"; sourceTree = "<group>"; };
		5205A356165032F7006C34E7 /* 1_Тосты&17_с новым годом.txt */ = {isa = PBXFileReference; lastKnownFileType = text; path = "1_Тосты&17_с новым годом.txt"; sourceTree = "<group>"; };
		52096E4C163A789E00274925 /* 2_поздравления&40_с Днем Рождения&121_бабушке  .txt */ = {isa = PBXFileReference; fileEncoding = 4; lastKnownFileType = text; path = "2_поздравления&40_с Днем Рождения&121_бабушке  .txt"; sourceTree = "<group>"; };
		52096E4D163A789E00274925 /* 2_поздравления&40_с Днем Рождения&122_Внуку  .txt */ = {isa = PBXFileReference; fileEncoding = 4; lastKnownFileType = text; path = "2_поздравления&40_с Днем Рождения&122_Внуку  .txt"; sourceTree = "<group>"; };
		52096E53163A78AE00274925 /* 2_поздравления&40_с Днем Рождения&124_девочке.txt */ = {isa = PBXFileReference; fileEncoding = 4; lastKnownFileType = text; path = "2_поздравления&40_с Днем Рождения&124_девочке.txt"; sourceTree = "<group>"; };
		52096E54163A78AE00274925 /* 2_поздравления&40_с Днем Рождения&125_девушке  .txt */ = {isa = PBXFileReference; fileEncoding = 4; lastKnownFileType = text; path = "2_поздравления&40_с Днем Рождения&125_девушке  .txt"; sourceTree = "<group>"; };
		52096E55163A78AE00274925 /* 2_поздравления&40_с Днем Рождения&126_дедушке  .txt */ = {isa = PBXFileReference; fileEncoding = 4; lastKnownFileType = text; path = "2_поздравления&40_с Днем Рождения&126_дедушке  .txt"; sourceTree = "<group>"; };
		52096E56163A78AE00274925 /* 2_поздравления&40_с Днем Рождения&127_дочке  .txt */ = {isa = PBXFileReference; fileEncoding = 4; lastKnownFileType = text; path = "2_поздравления&40_с Днем Рождения&127_дочке  .txt"; sourceTree = "<group>"; };
		52096E57163A78AE00274925 /* 2_поздравления&40_с Днем Рождения&128_другу  .txt */ = {isa = PBXFileReference; fileEncoding = 4; lastKnownFileType = text; path = "2_поздравления&40_с Днем Рождения&128_другу  .txt"; sourceTree = "<group>"; };
		52096E58163A78AE00274925 /* 2_поздравления&40_с Днем Рождения&129_дяде  .txt */ = {isa = PBXFileReference; fileEncoding = 4; lastKnownFileType = text; path = "2_поздравления&40_с Днем Рождения&129_дяде  .txt"; sourceTree = "<group>"; };
		52096E59163A78AE00274925 /* 2_поздравления&40_с Днем Рождения&130_жене  .txt */ = {isa = PBXFileReference; fileEncoding = 4; lastKnownFileType = text; path = "2_поздравления&40_с Днем Рождения&130_жене  .txt"; sourceTree = "<group>"; };
		52096E5A163A78AE00274925 /* 2_поздравления&40_с Днем Рождения&131_женщине  .txt */ = {isa = PBXFileReference; fileEncoding = 4; lastKnownFileType = text; path = "2_поздравления&40_с Днем Рождения&131_женщине  .txt"; sourceTree = "<group>"; };
		52096E5B163A78AE00274925 /* 2_поздравления&40_с Днем Рождения&132_зятю  .txt */ = {isa = PBXFileReference; fileEncoding = 4; lastKnownFileType = text; path = "2_поздравления&40_с Днем Рождения&132_зятю  .txt"; sourceTree = "<group>"; };
		52096E5C163A78AE00274925 /* 2_поздравления&40_с Днем Рождения&133_коллеге-женщине  .txt */ = {isa = PBXFileReference; fileEncoding = 4; lastKnownFileType = text; path = "2_поздравления&40_с Днем Рождения&133_коллеге-женщине  .txt"; sourceTree = "<group>"; };
		52096E69163A78BE00274925 /* 2_поздравления&40_с Днем Рождения&135_крестнику  .txt */ = {isa = PBXFileReference; fileEncoding = 4; lastKnownFileType = text; path = "2_поздравления&40_с Днем Рождения&135_крестнику  .txt"; sourceTree = "<group>"; };
		52096E6A163A78BE00274925 /* 2_поздравления&40_с Днем Рождения?137_крестнице  .txt */ = {isa = PBXFileReference; fileEncoding = 4; lastKnownFileType = text; path = "2_поздравления&40_с Днем Рождения?137_крестнице  .txt"; sourceTree = "<group>"; };
		52096E6B163A78BE00274925 /* 2_поздравления&40_с Днем Рождения&154_крестной маме .txt */ = {isa = PBXFileReference; fileEncoding = 4; lastKnownFileType = text; path = "2_поздравления&40_с Днем Рождения&154_крестной маме .txt"; sourceTree = "<group>"; };
		52096E6C163A78BE00274925 /* 2_поздравления&40_с Днем Рождения&153_крестному .txt */ = {isa = PBXFileReference; fileEncoding = 4; lastKnownFileType = text; path = "2_поздравления&40_с Днем Рождения&153_крестному .txt"; sourceTree = "<group>"; };
		52096E6D163A78BE00274925 /* 2_поздравления&40_с Днем Рождения&138_куму  .txt */ = {isa = PBXFileReference; fileEncoding = 4; lastKnownFileType = text; path = "2_поздравления&40_с Днем Рождения&138_куму  .txt"; sourceTree = "<group>"; };
		52096E6E163A78BE00274925 /* 2_поздравления&40_с Днем Рождения&139_любовнику  .txt */ = {isa = PBXFileReference; fileEncoding = 4; lastKnownFileType = text; path = "2_поздравления&40_с Днем Рождения&139_любовнику  .txt"; sourceTree = "<group>"; };
		52096E6F163A78BE00274925 /* 2_поздравления&40_с Днем Рождения&140_любовнице   .txt */ = {isa = PBXFileReference; fileEncoding = 4; lastKnownFileType = text; path = "2_поздравления&40_с Днем Рождения&140_любовнице   .txt"; sourceTree = "<group>"; };
		52096E70163A78BE00274925 /* 2_поздравления&40_с Днем Рождения&141_мальчику .txt */ = {isa = PBXFileReference; fileEncoding = 4; lastKnownFileType = text; path = "2_поздравления&40_с Днем Рождения&141_мальчику .txt"; sourceTree = "<group>"; };
		52096E71163A78BE00274925 /* 2_поздравления&40_с Днем Рождения&142_маме  .txt */ = {isa = PBXFileReference; fileEncoding = 4; lastKnownFileType = text; path = "2_поздравления&40_с Днем Рождения&142_маме  .txt"; sourceTree = "<group>"; };
		52096E72163A78BE00274925 /* 2_поздравления&40_с Днем Рождения&143_мужчине  .txt */ = {isa = PBXFileReference; fileEncoding = 4; lastKnownFileType = text; path = "2_поздравления&40_с Днем Рождения&143_мужчине  .txt"; sourceTree = "<group>"; };
		52096E73163A78BE00274925 /* 2_поздравления&40_с Днем Рождения&144_начальнику    .txt */ = {isa = PBXFileReference; fileEncoding = 4; lastKnownFileType = text; path = "2_поздравления&40_с Днем Рождения&144_начальнику    .txt"; sourceTree = "<group>"; };
		52096E74163A78BE00274925 /* 2_поздравления&40_с Днем Рождения&145_невестке  .txt */ = {isa = PBXFileReference; fileEncoding = 4; lastKnownFileType = text; path = "2_поздравления&40_с Днем Рождения&145_невестке  .txt"; sourceTree = "<group>"; };
		52096E75163A78BE00274925 /* 2_поздравления&40_с Днем Рождения&146_одногруппнику  .txt */ = {isa = PBXFileReference; fileEncoding = 4; lastKnownFileType = text; path = "2_поздравления&40_с Днем Рождения&146_одногруппнику  .txt"; sourceTree = "<group>"; };
		52096E76163A78BE00274925 /* 2_поздравления&40_с Днем Рождения&147_одногруппнице  .txt */ = {isa = PBXFileReference; fileEncoding = 4; lastKnownFileType = text; path = "2_поздравления&40_с Днем Рождения&147_одногруппнице  .txt"; sourceTree = "<group>"; };
		52096E77163A78BE00274925 /* 2_поздравления&40_с Днем Рождения&148_папе  .txt */ = {isa = PBXFileReference; fileEncoding = 4; lastKnownFileType = text; path = "2_поздравления&40_с Днем Рождения&148_папе  .txt"; sourceTree = "<group>"; };
		52096E78163A78BE00274925 /* 2_поздравления&40_с Днем Рождения&149_парню  .txt */ = {isa = PBXFileReference; fileEncoding = 4; lastKnownFileType = text; path = "2_поздравления&40_с Днем Рождения&149_парню  .txt"; sourceTree = "<group>"; };
		52096E79163A78BE00274925 /* 2_поздравления&40_с Днем Рождения&150_племяннику  .txt */ = {isa = PBXFileReference; fileEncoding = 4; lastKnownFileType = text; path = "2_поздравления&40_с Днем Рождения&150_племяннику  .txt"; sourceTree = "<group>"; };
		52096E7A163A78BE00274925 /* 2_поздравления&40_с Днем Рождения&151_племяннице  .txt */ = {isa = PBXFileReference; fileEncoding = 4; lastKnownFileType = text; path = "2_поздравления&40_с Днем Рождения&151_племяннице  .txt"; sourceTree = "<group>"; };
		52096E7B163A78BE00274925 /* 2_поздравления&40_с Днем Рождения&152_прикольные  .txt */ = {isa = PBXFileReference; fileEncoding = 4; lastKnownFileType = text; path = "2_поздравления&40_с Днем Рождения&152_прикольные  .txt"; sourceTree = "<group>"; };
		52096E8F163A78D000274925 /* 2_поздравления&40_с Днем Рождения&100_брату .txt */ = {isa = PBXFileReference; fileEncoding = 4; lastKnownFileType = text; path = "2_поздравления&40_с Днем Рождения&100_брату .txt"; sourceTree = "<group>"; };
		52096E90163A78D000274925 /* 2_поздравления&40_с Днем Рождения&101_завод .txt */ = {isa = PBXFileReference; fileEncoding = 4; lastKnownFileType = text; path = "2_поздравления&40_с Днем Рождения&101_завод .txt"; sourceTree = "<group>"; };
		52096E91163A78D000274925 /* 2_поздравления&40_с Днем Рождения&102_компании.txt */ = {isa = PBXFileReference; fileEncoding = 4; lastKnownFileType = text; path = "2_поздравления&40_с Днем Рождения&102_компании.txt"; sourceTree = "<group>"; };
		52096E92163A78D000274925 /* 2_поздравления&40_с Днем Рождения&103_куме .txt */ = {isa = PBXFileReference; fileEncoding = 4; lastKnownFileType = text; path = "2_поздравления&40_с Днем Рождения&103_куме .txt"; sourceTree = "<group>"; };
		52096E93163A78D000274925 /* 2_поздравления&40_с Днем Рождения&104_любимому .txt */ = {isa = PBXFileReference; fileEncoding = 4; lastKnownFileType = text; path = "2_поздравления&40_с Днем Рождения&104_любимому .txt"; sourceTree = "<group>"; };
		52096E94163A78D000274925 /* 2_поздравления&40_с Днем Рождения&105_мужу .txt */ = {isa = PBXFileReference; fileEncoding = 4; lastKnownFileType = text; path = "2_поздравления&40_с Днем Рождения&105_мужу .txt"; sourceTree = "<group>"; };
		52096E95163A78D000274925 /* 2_поздравления&40_с Днем Рождения&106_организации .txt */ = {isa = PBXFileReference; fileEncoding = 4; lastKnownFileType = text; path = "2_поздравления&40_с Днем Рождения&106_организации .txt"; sourceTree = "<group>"; };
		52096E96163A78D000274925 /* 2_поздравления&40_с Днем Рождения&107_отдела .txt */ = {isa = PBXFileReference; fileEncoding = 4; lastKnownFileType = text; path = "2_поздравления&40_с Днем Рождения&107_отдела .txt"; sourceTree = "<group>"; };
		52096E97163A78D000274925 /* 2_поздравления&40_с Днем Рождения&108_офиса .txt */ = {isa = PBXFileReference; fileEncoding = 4; lastKnownFileType = text; path = "2_поздравления&40_с Днем Рождения&108_офиса .txt"; sourceTree = "<group>"; };
		52096E98163A78D000274925 /* 2_поздравления&40_с Днем Рождения&109_предприятия .txt */ = {isa = PBXFileReference; fileEncoding = 4; lastKnownFileType = text; path = "2_поздравления&40_с Днем Рождения&109_предприятия .txt"; sourceTree = "<group>"; };
		52096EA3163A78DA00274925 /* 2_поздравления&40_с Днем Рождения&110_свату .txt */ = {isa = PBXFileReference; fileEncoding = 4; lastKnownFileType = text; path = "2_поздравления&40_с Днем Рождения&110_свату .txt"; sourceTree = "<group>"; };
		52096EA4163A78DA00274925 /* 2_поздравления&40_с Днем Рождения&111_сватье .txt */ = {isa = PBXFileReference; fileEncoding = 4; lastKnownFileType = text; path = "2_поздравления&40_с Днем Рождения&111_сватье .txt"; sourceTree = "<group>"; };
		52096EA5163A78DA00274925 /* 2_поздравления&40_с Днем Рождения&112_сестре .txt */ = {isa = PBXFileReference; fileEncoding = 4; lastKnownFileType = text; path = "2_поздравления&40_с Днем Рождения&112_сестре .txt"; sourceTree = "<group>"; };
		52096EA6163A78DA00274925 /* 2_поздравления&40_с Днем Рождения&113_тестю .txt */ = {isa = PBXFileReference; fileEncoding = 4; lastKnownFileType = text; path = "2_поздравления&40_с Днем Рождения&113_тестю .txt"; sourceTree = "<group>"; };
		52096EA7163A78DA00274925 /* 2_поздравления&40_с Днем Рождения&114_фабрики .txt */ = {isa = PBXFileReference; fileEncoding = 4; lastKnownFileType = text; path = "2_поздравления&40_с Днем Рождения&114_фабрики .txt"; sourceTree = "<group>"; };
		52096EA8163A78DA00274925 /* 2_поздравления&40_с Днем Рождения&115_фирмы .txt */ = {isa = PBXFileReference; fileEncoding = 4; lastKnownFileType = text; path = "2_поздравления&40_с Днем Рождения&115_фирмы .txt"; sourceTree = "<group>"; };
		52096EA9163A78DA00274925 /* 2_поздравления&40_с Днем Рождения&116_свекрови .txt */ = {isa = PBXFileReference; fileEncoding = 4; lastKnownFileType = text; path = "2_поздравления&40_с Днем Рождения&116_свекрови .txt"; sourceTree = "<group>"; };
		52096EAA163A78DA00274925 /* 2_поздравления&40_с Днем Рождения&117_свекру  .txt */ = {isa = PBXFileReference; fileEncoding = 4; lastKnownFileType = text; path = "2_поздравления&40_с Днем Рождения&117_свекру  .txt"; sourceTree = "<group>"; };
		52096EAC163A78DA00274925 /* 2_поздравления&40_с Днем Рождения&118_сыну  .txt */ = {isa = PBXFileReference; fileEncoding = 4; lastKnownFileType = text; path = "2_поздравления&40_с Днем Рождения&118_сыну  .txt"; sourceTree = "<group>"; };
		52096EAD163A78DA00274925 /* 2_поздравления&40_с Днем Рождения&119_тете  .txt */ = {isa = PBXFileReference; fileEncoding = 4; lastKnownFileType = text; path = "2_поздравления&40_с Днем Рождения&119_тете  .txt"; sourceTree = "<group>"; };
		52096EAE163A78DA00274925 /* 2_поздравления&40_с Днем Рождения&120_теще  .txt */ = {isa = PBXFileReference; fileEncoding = 4; lastKnownFileType = text; path = "2_поздравления&40_с Днем Рождения&120_теще  .txt"; sourceTree = "<group>"; };
		522854D715CD5FD70078DF6D /* MediaListTableVC.h */ = {isa = PBXFileReference; fileEncoding = 4; lastKnownFileType = sourcecode.c.h; path = MediaListTableVC.h; sourceTree = "<group>"; };
		522854D815CD5FD70078DF6D /* MediaListTableVC.m */ = {isa = PBXFileReference; fileEncoding = 4; lastKnownFileType = sourcecode.c.objc; path = MediaListTableVC.m; sourceTree = "<group>"; };
		522854DB15CD69E00078DF6D /* DetailVC.h */ = {isa = PBXFileReference; fileEncoding = 4; lastKnownFileType = sourcecode.c.h; path = DetailVC.h; sourceTree = "<group>"; };
		522854DC15CD69E00078DF6D /* DetailVC.m */ = {isa = PBXFileReference; fileEncoding = 4; lastKnownFileType = sourcecode.c.objc; path = DetailVC.m; sourceTree = "<group>"; };
		5251FEFE15BAC7F40039C78C /* RussianToasts.app */ = {isa = PBXFileReference; explicitFileType = wrapper.application; includeInIndex = 0; path = RussianToasts.app; sourceTree = BUILT_PRODUCTS_DIR; };
		5251FF0215BAC7F40039C78C /* UIKit.framework */ = {isa = PBXFileReference; lastKnownFileType = wrapper.framework; name = UIKit.framework; path = System/Library/Frameworks/UIKit.framework; sourceTree = SDKROOT; };
		5251FF0415BAC7F40039C78C /* Foundation.framework */ = {isa = PBXFileReference; lastKnownFileType = wrapper.framework; name = Foundation.framework; path = System/Library/Frameworks/Foundation.framework; sourceTree = SDKROOT; };
		5251FF0615BAC7F40039C78C /* CoreGraphics.framework */ = {isa = PBXFileReference; lastKnownFileType = wrapper.framework; name = CoreGraphics.framework; path = System/Library/Frameworks/CoreGraphics.framework; sourceTree = SDKROOT; };
		5251FF0815BAC7F40039C78C /* CoreData.framework */ = {isa = PBXFileReference; lastKnownFileType = wrapper.framework; name = CoreData.framework; path = System/Library/Frameworks/CoreData.framework; sourceTree = SDKROOT; };
		5251FF0C15BAC7F40039C78C /* RussianToast-Info.plist */ = {isa = PBXFileReference; lastKnownFileType = text.plist.xml; path = "RussianToast-Info.plist"; sourceTree = "<group>"; };
		5251FF0E15BAC7F40039C78C /* en */ = {isa = PBXFileReference; lastKnownFileType = text.plist.strings; name = en; path = en.lproj/InfoPlist.strings; sourceTree = "<group>"; };
		5251FF1015BAC7F40039C78C /* main.m */ = {isa = PBXFileReference; lastKnownFileType = sourcecode.c.objc; path = main.m; sourceTree = "<group>"; };
		5251FF1215BAC7F40039C78C /* RussianToast-Prefix.pch */ = {isa = PBXFileReference; lastKnownFileType = sourcecode.c.h; path = "RussianToast-Prefix.pch"; sourceTree = "<group>"; };
		5251FF1315BAC7F40039C78C /* ExPrefixAppDelegate.h */ = {isa = PBXFileReference; lastKnownFileType = sourcecode.c.h; path = ExPrefixAppDelegate.h; sourceTree = "<group>"; };
		5251FF1415BAC7F40039C78C /* ExPrefixAppDelegate.m */ = {isa = PBXFileReference; lastKnownFileType = sourcecode.c.objc; path = ExPrefixAppDelegate.m; sourceTree = "<group>"; };
		5251FF1715BAC7F50039C78C /* RussianToast.xcdatamodel */ = {isa = PBXFileReference; lastKnownFileType = wrapper.xcdatamodel; path = RussianToast.xcdatamodel; sourceTree = "<group>"; };
		5251FF2915BAC8B40039C78C /* MainVC.h */ = {isa = PBXFileReference; fileEncoding = 4; lastKnownFileType = sourcecode.c.h; path = MainVC.h; sourceTree = "<group>"; };
		5251FF2A15BAC8B40039C78C /* MainVC.m */ = {isa = PBXFileReference; fileEncoding = 4; lastKnownFileType = sourcecode.c.objc; path = MainVC.m; sourceTree = "<group>"; };
		5251FF3615BAD1140039C78C /* CoreDataManager.h */ = {isa = PBXFileReference; fileEncoding = 4; lastKnownFileType = sourcecode.c.h; path = CoreDataManager.h; sourceTree = "<group>"; };
		5251FF3715BAD1140039C78C /* CoreDataManager.m */ = {isa = PBXFileReference; fileEncoding = 4; lastKnownFileType = sourcecode.c.objc; path = CoreDataManager.m; sourceTree = "<group>"; };
		525FF6A5161C7B52003E65D2 /* MessageUI.framework */ = {isa = PBXFileReference; lastKnownFileType = wrapper.framework; name = MessageUI.framework; path = System/Library/Frameworks/MessageUI.framework; sourceTree = SDKROOT; };
		5270B8CC16516C12007F0FF6 /* info.png */ = {isa = PBXFileReference; lastKnownFileType = image.png; path = info.png; sourceTree = "<group>"; };
		5270B8CD16516C12007F0FF6 /* info@2x.png */ = {isa = PBXFileReference; lastKnownFileType = image.png; path = "info@2x.png"; sourceTree = "<group>"; };
		5270B8D216516EF1007F0FF6 /* 3_Застольные песни.txt */ = {isa = PBXFileReference; fileEncoding = 4; lastKnownFileType = text; path = "3_Застольные песни.txt"; sourceTree = "<group>"; };
		527159CA164ED74400566C95 /* GroupDB.h */ = {isa = PBXFileReference; fileEncoding = 4; lastKnownFileType = sourcecode.c.h; path = GroupDB.h; sourceTree = "<group>"; };
		527159CB164ED74400566C95 /* GroupDB.m */ = {isa = PBXFileReference; fileEncoding = 4; lastKnownFileType = sourcecode.c.objc; path = GroupDB.m; sourceTree = "<group>"; };
		529B068516520B22003B9F9B /* 57.png */ = {isa = PBXFileReference; lastKnownFileType = image.png; path = 57.png; sourceTree = "<group>"; };
		529B068816520B2D003B9F9B /* 114.png */ = {isa = PBXFileReference; lastKnownFileType = image.png; path = 114.png; sourceTree = "<group>"; };
		529B069E16522CD1003B9F9B /* aboutApp.css */ = {isa = PBXFileReference; fileEncoding = 4; lastKnownFileType = text.css; path = aboutApp.css; sourceTree = "<group>"; };
		529B06A016522DDD003B9F9B /* aboutApp.html */ = {isa = PBXFileReference; fileEncoding = 4; lastKnownFileType = text.html; path = aboutApp.html; sourceTree = "<group>"; };
		529B06A216524090003B9F9B /* 29.png */ = {isa = PBXFileReference; lastKnownFileType = image.png; path = 29.png; sourceTree = "<group>"; };
		529B06A316524090003B9F9B /* 58.png */ = {isa = PBXFileReference; lastKnownFileType = image.png; path = 58.png; sourceTree = "<group>"; };
		529B06A416524090003B9F9B /* 72.png */ = {isa = PBXFileReference; lastKnownFileType = image.png; path = 72.png; sourceTree = "<group>"; };
		529B06AD16524C4A003B9F9B /* RootVC.h */ = {isa = PBXFileReference; fileEncoding = 4; lastKnownFileType = sourcecode.c.h; path = RootVC.h; sourceTree = "<group>"; };
		529B06AE16524C4A003B9F9B /* RootVC.m */ = {isa = PBXFileReference; fileEncoding = 4; lastKnownFileType = sourcecode.c.objc; path = RootVC.m; sourceTree = "<group>"; };
		529B06B016525602003B9F9B /* back_main.png */ = {isa = PBXFileReference; lastKnownFileType = image.png; path = back_main.png; sourceTree = "<group>"; };
		529B06B216525613003B9F9B /* back@2x.png */ = {isa = PBXFileReference; lastKnownFileType = image.png; path = "back@2x.png"; sourceTree = "<group>"; };
		529B06B316525613003B9F9B /* back.png */ = {isa = PBXFileReference; lastKnownFileType = image.png; path = back.png; sourceTree = "<group>"; };
		529E3B7E15D1BE1D00EA1685 /* 2_поздравления&41_c 8 марта.txt */ = {isa = PBXFileReference; fileEncoding = 4; lastKnownFileType = text; path = "2_поздравления&41_c 8 марта.txt"; sourceTree = "<group>"; };
		529E3B8115D1BFB400EA1685 /* 2_поздравления&42_с 23 февраля.txt */ = {isa = PBXFileReference; fileEncoding = 4; lastKnownFileType = text; path = "2_поздравления&42_с 23 февраля.txt"; sourceTree = "<group>"; };
		529E3B8315D1C17500EA1685 /* 2_поздравления&44_с днем Святого Валентина.txt */ = {isa = PBXFileReference; fileEncoding = 4; lastKnownFileType = text; path = "2_поздравления&44_с днем Святого Валентина.txt"; sourceTree = "<group>"; };
		529E3B8515D1C2BE00EA1685 /* 2_поздравления&45_с Новым Годом.txt */ = {isa = PBXFileReference; fileEncoding = 4; lastKnownFileType = text; path = "2_поздравления&45_с Новым Годом.txt"; sourceTree = "<group>"; };
		52AE8140164EC2FA0039A029 /* tab0_sel.png */ = {isa = PBXFileReference; lastKnownFileType = image.png; name = tab0_sel.png; path = images/tabbar/tab0_sel.png; sourceTree = "<group>"; };
		52AE8141164EC2FA0039A029 /* tab0.png */ = {isa = PBXFileReference; lastKnownFileType = image.png; name = tab0.png; path = images/tabbar/tab0.png; sourceTree = "<group>"; };
		52AE8142164EC2FA0039A029 /* tab1.png */ = {isa = PBXFileReference; lastKnownFileType = image.png; name = tab1.png; path = images/tabbar/tab1.png; sourceTree = "<group>"; };
		52AE8148164EC3CA0039A029 /* tab1_sel.png */ = {isa = PBXFileReference; lastKnownFileType = image.png; name = tab1_sel.png; path = images/tabbar/tab1_sel.png; sourceTree = "<group>"; };
		52AE817E164ED1E00039A029 /* navbar.png */ = {isa = PBXFileReference; lastKnownFileType = image.png; name = navbar.png; path = images/navbar/navbar.png; sourceTree = "<group>"; };
		52B786AB16527E6F0083E134 /* MediaDB.h */ = {isa = PBXFileReference; fileEncoding = 4; lastKnownFileType = sourcecode.c.h; path = MediaDB.h; sourceTree = "<group>"; };
		52B786AC16527E6F0083E134 /* MediaDB.m */ = {isa = PBXFileReference; fileEncoding = 4; lastKnownFileType = sourcecode.c.objc; path = MediaDB.m; sourceTree = "<group>"; };
		52D692A71653E676007D432B /* Accounts.framework */ = {isa = PBXFileReference; lastKnownFileType = wrapper.framework; name = Accounts.framework; path = System/Library/Frameworks/Accounts.framework; sourceTree = SDKROOT; };
		52D692AA1653E67B007D432B /* Social.framework */ = {isa = PBXFileReference; lastKnownFileType = wrapper.framework; name = Social.framework; path = System/Library/Frameworks/Social.framework; sourceTree = SDKROOT; };
		52D7B8B6165572FB009B171A /* nextBtn@2x.png */ = {isa = PBXFileReference; lastKnownFileType = image.png; path = "nextBtn@2x.png"; sourceTree = "<group>"; };
		52D7B8B8165572FB009B171A /* previosBtn@2x.png */ = {isa = PBXFileReference; lastKnownFileType = image.png; path = "previosBtn@2x.png"; sourceTree = "<group>"; };
		52D7B8BE165573A7009B171A /* nextBtn.png */ = {isa = PBXFileReference; lastKnownFileType = image.png; path = nextBtn.png; sourceTree = "<group>"; };
		52D7B8C0165573AF009B171A /* previosBtn.png */ = {isa = PBXFileReference; lastKnownFileType = image.png; path = previosBtn.png; sourceTree = "<group>"; };
		52DA77C315F25225009B7EC8 /* SongsListVC.h */ = {isa = PBXFileReference; fileEncoding = 4; lastKnownFileType = sourcecode.c.h; path = SongsListVC.h; sourceTree = "<group>"; };
		52DA77C415F25225009B7EC8 /* SongsListVC.m */ = {isa = PBXFileReference; fileEncoding = 4; lastKnownFileType = sourcecode.c.objc; path = SongsListVC.m; sourceTree = "<group>"; };
		52E25E9815BC678B00AF82DE /* CustomTabbarController.h */ = {isa = PBXFileReference; lastKnownFileType = sourcecode.c.h; path = CustomTabbarController.h; sourceTree = "<group>"; };
		52E25E9915BC678B00AF82DE /* CustomTabbarController.m */ = {isa = PBXFileReference; lastKnownFileType = sourcecode.c.objc; path = CustomTabbarController.m; sourceTree = "<group>"; };
		52E25E9B15BC704500AF82DE /* FavoriteVC.h */ = {isa = PBXFileReference; fileEncoding = 4; lastKnownFileType = sourcecode.c.h; path = FavoriteVC.h; sourceTree = "<group>"; };
		52E25E9C15BC704500AF82DE /* FavoriteVC.m */ = {isa = PBXFileReference; fileEncoding = 4; lastKnownFileType = sourcecode.c.objc; path = FavoriteVC.m; sourceTree = "<group>"; };
		52E95ACE15BDE1B3004DF9B7 /* SubGroupsVC.h */ = {isa = PBXFileReference; fileEncoding = 4; lastKnownFileType = sourcecode.c.h; path = SubGroupsVC.h; sourceTree = "<group>"; };
		52E95ACF15BDE1B3004DF9B7 /* SubGroupsVC.m */ = {isa = PBXFileReference; fileEncoding = 4; lastKnownFileType = sourcecode.c.objc; path = SubGroupsVC.m; sourceTree = "<group>"; };
		52F48BA7164670BA00F0F1A5 /* 1_Тосты&11_муж и жена.txt */ = {isa = PBXFileReference; fileEncoding = 4; lastKnownFileType = text; path = "1_Тосты&11_муж и жена.txt"; sourceTree = "<group>"; };
		52F48BA8164670BA00F0F1A5 /* 1_Тосты&12_за мужчин.txt */ = {isa = PBXFileReference; fileEncoding = 4; lastKnownFileType = text; path = "1_Тосты&12_за мужчин.txt"; sourceTree = "<group>"; };
		52F48BA9164670BA00F0F1A5 /* 1_Тосты&22_за здоровье.txt */ = {isa = PBXFileReference; fileEncoding = 4; lastKnownFileType = text; path = "1_Тосты&22_за здоровье.txt"; sourceTree = "<group>"; };
		52F48BAA164670BA00F0F1A5 /* 1_Тосты&15_тосты одной строкой.txt */ = {isa = PBXFileReference; fileEncoding = 4; lastKnownFileType = text; path = "1_Тосты&15_тосты одной строкой.txt"; sourceTree = "<group>"; };
		52F48BAB164670BA00F0F1A5 /* 1_Тосты&19_свадьба.txt */ = {isa = PBXFileReference; fileEncoding = 4; lastKnownFileType = text; path = "1_Тосты&19_свадьба.txt"; sourceTree = "<group>"; };
		52F48BAD164670BA00F0F1A5 /* 1_Тосты&23_за счастье, удачу.txt */ = {isa = PBXFileReference; fileEncoding = 4; lastKnownFileType = text; path = "1_Тосты&23_за счастье, удачу.txt"; sourceTree = "<group>"; };
		52F48BAE164670BA00F0F1A5 /* 1_Тосты&24_за друзей.txt */ = {isa = PBXFileReference; fileEncoding = 4; lastKnownFileType = text; path = "1_Тосты&24_за друзей.txt"; sourceTree = "<group>"; };
		52F48BAF164670BA00F0F1A5 /* 1_Тосты&10_за гостей и хозяев.txt */ = {isa = PBXFileReference; fileEncoding = 4; lastKnownFileType = text; path = "1_Тосты&10_за гостей и хозяев.txt"; sourceTree = "<group>"; };
		52F48BB0164670BA00F0F1A5 /* 1_Тосты&13_за женщин.txt */ = {isa = PBXFileReference; fileEncoding = 4; lastKnownFileType = text; path = "1_Тосты&13_за женщин.txt"; sourceTree = "<group>"; };
		52F48BB1164670BA00F0F1A5 /* 1_Тосты&14_разные.txt */ = {isa = PBXFileReference; fileEncoding = 4; lastKnownFileType = text; path = "1_Тосты&14_разные.txt"; sourceTree = "<group>"; };
		52F48BB3164670BA00F0F1A5 /* 1_Тосты&18_именины.txt */ = {isa = PBXFileReference; fileEncoding = 4; lastKnownFileType = text; path = "1_Тосты&18_именины.txt"; sourceTree = "<group>"; };
		52F48BB4164670BA00F0F1A5 /* 1_Тосты&16_юбилеи.txt */ = {isa = PBXFileReference; fileEncoding = 4; lastKnownFileType = text; path = "1_Тосты&16_юбилеи.txt"; sourceTree = "<group>"; };
		52F48BC71646743F00F0F1A5 /* InfoVC.h */ = {isa = PBXFileReference; fileEncoding = 4; lastKnownFileType = sourcecode.c.h; path = InfoVC.h; sourceTree = "<group>"; };
		52F48BC81646743F00F0F1A5 /* InfoVC.m */ = {isa = PBXFileReference; fileEncoding = 4; lastKnownFileType = sourcecode.c.objc; path = InfoVC.m; sourceTree = "<group>"; };
/* End PBXFileReference section */

/* Begin PBXFrameworksBuildPhase section */
		5251FEFB15BAC7F40039C78C /* Frameworks */ = {
			isa = PBXFrameworksBuildPhase;
			buildActionMask = 2147483647;
			files = (
				52D692AB1653E67B007D432B /* Social.framework in Frameworks */,
				52D692A81653E676007D432B /* Accounts.framework in Frameworks */,
				525FF6A6161C7B52003E65D2 /* MessageUI.framework in Frameworks */,
				5251FF0315BAC7F40039C78C /* UIKit.framework in Frameworks */,
				5251FF0515BAC7F40039C78C /* Foundation.framework in Frameworks */,
				5251FF0715BAC7F40039C78C /* CoreGraphics.framework in Frameworks */,
				5251FF0915BAC7F40039C78C /* CoreData.framework in Frameworks */,
			);
			runOnlyForDeploymentPostprocessing = 0;
		};
/* End PBXFrameworksBuildPhase section */

/* Begin PBXGroup section */
		5205A2D3164EDB02006C34E7 /* Tabbar */ = {
			isa = PBXGroup;
			children = (
				52E25E9815BC678B00AF82DE /* CustomTabbarController.h */,
				52E25E9915BC678B00AF82DE /* CustomTabbarController.m */,
			);
			name = Tabbar;
			sourceTree = "<group>";
		};
		5205A2D5164EDB0C006C34E7 /* Navbar */ = {
			isa = PBXGroup;
			children = (
				5205A2D6164EDB44006C34E7 /* CustomNabBar.h */,
				5205A2D7164EDB44006C34E7 /* CustomNabBar.m */,
			);
			name = Navbar;
			sourceTree = "<group>";
		};
		5205A2E7164EE3A8006C34E7 /* Cells */ = {
			isa = PBXGroup;
			children = (
				5205A30B164FC92C006C34E7 /* SongCell.h */,
				5205A30C164FC92C006C34E7 /* SongCell.m */,
				5205A2E4164EE3A4006C34E7 /* MainCell.h */,
				5205A2E5164EE3A4006C34E7 /* MainCell.m */,
			);
			name = Cells;
			sourceTree = "<group>";
		};
		5205A2FD164F7929006C34E7 /* fonts */ = {
			isa = PBXGroup;
			children = (
				5205A320164FDC9A006C34E7 /* MyriadPro-It.otf */,
				5205A301164F8003006C34E7 /* LOBSTER.TTF */,
				5205A2FF164F7957006C34E7 /* MyriadPro-Bold.otf */,
			);
			name = fonts;
			sourceTree = "<group>";
		};
		5205A315164FD2B9006C34E7 /* Info */ = {
			isa = PBXGroup;
			children = (
				52F48BC71646743F00F0F1A5 /* InfoVC.h */,
				52F48BC81646743F00F0F1A5 /* InfoVC.m */,
			);
			name = Info;
			sourceTree = "<group>";
		};
		5205A32216501AC8006C34E7 /* buttons */ = {
			isa = PBXGroup;
			children = (
				52D7B8BE165573A7009B171A /* nextBtn.png */,
				52D7B8B6165572FB009B171A /* nextBtn@2x.png */,
				52D7B8C0165573AF009B171A /* previosBtn.png */,
				52D7B8B8165572FB009B171A /* previosBtn@2x.png */,
				5205A32416501BE1006C34E7 /* share.png */,
				5205A34E16502B2F006C34E7 /* share@2x.png */,
				5205A318164FD5DC006C34E7 /* minus.png */,
				5205A34416502A79006C34E7 /* minus@2x.png */,
				5205A319164FD5DD006C34E7 /* plus.png */,
				5205A34216502A69006C34E7 /* plus@2x.png */,
				529B06B216525613003B9F9B /* back@2x.png */,
				529B06B316525613003B9F9B /* back.png */,
				529B06B016525602003B9F9B /* back_main.png */,
				5205A34C16502B1E006C34E7 /* back_main@2x.png */,
				5205A316164FD5DA006C34E7 /* favorite_sel.png */,
				5205A34016502A3E006C34E7 /* favorite_sel@2x.png */,
				5205A317164FD5DB006C34E7 /* favorite.png */,
				5205A33E16502A24006C34E7 /* favorite@2x.png */,
			);
			name = buttons;
			sourceTree = "<group>";
		};
		5205A32316501AFF006C34E7 /* cell backrounds */ = {
			isa = PBXGroup;
			children = (
				5205A2E8164EE609006C34E7 /* bigCellView.png */,
				5205A34616502AA0006C34E7 /* bigCellView@2x.png */,
				5205A305164FC72E006C34E7 /* smallCellView.png */,
				5205A34816502AD5006C34E7 /* smallCellView@2x.png */,
			);
			name = "cell backrounds";
			sourceTree = "<group>";
		};
		5251FEF315BAC7F40039C78C = {
			isa = PBXGroup;
			children = (
				529B06A216524090003B9F9B /* 29.png */,
				529B06A316524090003B9F9B /* 58.png */,
				529B06A416524090003B9F9B /* 72.png */,
				529B068816520B2D003B9F9B /* 114.png */,
				529B068516520B22003B9F9B /* 57.png */,
				5205A309164FC79B006C34E7 /* Default@2x.png */,
				5205A307164FC794006C34E7 /* Default.png */,
				5251FF0A15BAC7F40039C78C /* RussianToast */,
				5251FF0115BAC7F40039C78C /* Frameworks */,
				5251FEFF15BAC7F40039C78C /* Products */,
			);
			sourceTree = "<group>";
		};
		5251FEFF15BAC7F40039C78C /* Products */ = {
			isa = PBXGroup;
			children = (
				5251FEFE15BAC7F40039C78C /* RussianToasts.app */,
			);
			name = Products;
			sourceTree = "<group>";
		};
		5251FF0115BAC7F40039C78C /* Frameworks */ = {
			isa = PBXGroup;
			children = (
				52D692AA1653E67B007D432B /* Social.framework */,
				52D692A71653E676007D432B /* Accounts.framework */,
				525FF6A5161C7B52003E65D2 /* MessageUI.framework */,
				5251FF0215BAC7F40039C78C /* UIKit.framework */,
				5251FF0415BAC7F40039C78C /* Foundation.framework */,
				5251FF0615BAC7F40039C78C /* CoreGraphics.framework */,
				5251FF0815BAC7F40039C78C /* CoreData.framework */,
			);
			name = Frameworks;
			sourceTree = "<group>";
		};
		5251FF0A15BAC7F40039C78C /* RussianToast */ = {
			isa = PBXGroup;
			children = (
				5251FF2015BAC82D0039C78C /* SDK */,
				5251FF1F15BAC8240039C78C /* CoreData */,
				5251FF1E15BAC8140039C78C /* Classes */,
				5251FF1315BAC7F40039C78C /* ExPrefixAppDelegate.h */,
				5251FF1415BAC7F40039C78C /* ExPrefixAppDelegate.m */,
				5251FF1615BAC7F50039C78C /* RussianToast.xcdatamodeld */,
				5251FF0B15BAC7F40039C78C /* Supporting Files */,
			);
			path = RussianToast;
			sourceTree = "<group>";
		};
		5251FF0B15BAC7F40039C78C /* Supporting Files */ = {
			isa = PBXGroup;
			children = (
				52E25EA615BC7D0D00AF82DE /* sourses */,
				5251FF0C15BAC7F40039C78C /* RussianToast-Info.plist */,
				5251FF0D15BAC7F40039C78C /* InfoPlist.strings */,
				5251FF1015BAC7F40039C78C /* main.m */,
				5251FF1215BAC7F40039C78C /* RussianToast-Prefix.pch */,
			);
			name = "Supporting Files";
			sourceTree = "<group>";
		};
		5251FF1E15BAC8140039C78C /* Classes */ = {
			isa = PBXGroup;
			children = (
				529B06AD16524C4A003B9F9B /* RootVC.h */,
				529B06AE16524C4A003B9F9B /* RootVC.m */,
				522854DB15CD69E00078DF6D /* DetailVC.h */,
				522854DC15CD69E00078DF6D /* DetailVC.m */,
				5205A315164FD2B9006C34E7 /* Info */,
				52E95ACD15BDE186004DF9B7 /* tab_2 */,
				52E95ACC15BDE17B004DF9B7 /* tab_1 */,
			);
			name = Classes;
			sourceTree = "<group>";
		};
		5251FF1F15BAC8240039C78C /* CoreData */ = {
			isa = PBXGroup;
			children = (
				52B786AB16527E6F0083E134 /* MediaDB.h */,
				52B786AC16527E6F0083E134 /* MediaDB.m */,
				527159CA164ED74400566C95 /* GroupDB.h */,
				527159CB164ED74400566C95 /* GroupDB.m */,
				5251FF3615BAD1140039C78C /* CoreDataManager.h */,
				5251FF3715BAD1140039C78C /* CoreDataManager.m */,
			);
			name = CoreData;
			sourceTree = "<group>";
		};
		5251FF2015BAC82D0039C78C /* SDK */ = {
			isa = PBXGroup;
			children = (
				5205A2D5164EDB0C006C34E7 /* Navbar */,
				5205A2D3164EDB02006C34E7 /* Tabbar */,
				5205A310164FCE06006C34E7 /* MyLabel.h */,
				5205A311164FCE06006C34E7 /* MyLabel.m */,
			);
			name = SDK;
			sourceTree = "<group>";
		};
		5266A1C2163A73EF002009D7 /* Тосты */ = {
			isa = PBXGroup;
			children = (
				5205A356165032F7006C34E7 /* 1_Тосты&17_с новым годом.txt */,
				5205A354165032E2006C34E7 /* 1_Тосты&21_бизнес.txt */,
				5205A352165032C7006C34E7 /* 1_Тосты&20_военные.txt */,
				52F48BAF164670BA00F0F1A5 /* 1_Тосты&10_за гостей и хозяев.txt */,
				52F48BA7164670BA00F0F1A5 /* 1_Тосты&11_муж и жена.txt */,
				52F48BA8164670BA00F0F1A5 /* 1_Тосты&12_за мужчин.txt */,
				52F48BB0164670BA00F0F1A5 /* 1_Тосты&13_за женщин.txt */,
				52F48BB1164670BA00F0F1A5 /* 1_Тосты&14_разные.txt */,
				52F48BAA164670BA00F0F1A5 /* 1_Тосты&15_тосты одной строкой.txt */,
				52F48BB4164670BA00F0F1A5 /* 1_Тосты&16_юбилеи.txt */,
				52F48BB3164670BA00F0F1A5 /* 1_Тосты&18_именины.txt */,
				52F48BAB164670BA00F0F1A5 /* 1_Тосты&19_свадьба.txt */,
				52F48BA9164670BA00F0F1A5 /* 1_Тосты&22_за здоровье.txt */,
				52F48BAD164670BA00F0F1A5 /* 1_Тосты&23_за счастье, удачу.txt */,
				52F48BAE164670BA00F0F1A5 /* 1_Тосты&24_за друзей.txt */,
			);
			name = "Тосты";
			sourceTree = "<group>";
		};
		5266A1C4163A741F002009D7 /* Поздравления */ = {
			isa = PBXGroup;
			children = (
				52096E6B163A78BE00274925 /* 2_поздравления&40_с Днем Рождения&154_крестной маме .txt */,
				52096E6C163A78BE00274925 /* 2_поздравления&40_с Днем Рождения&153_крестному .txt */,
				529E3B7E15D1BE1D00EA1685 /* 2_поздравления&41_c 8 марта.txt */,
				52096E8F163A78D000274925 /* 2_поздравления&40_с Днем Рождения&100_брату .txt */,
				52096E90163A78D000274925 /* 2_поздравления&40_с Днем Рождения&101_завод .txt */,
				52096E91163A78D000274925 /* 2_поздравления&40_с Днем Рождения&102_компании.txt */,
				52096E92163A78D000274925 /* 2_поздравления&40_с Днем Рождения&103_куме .txt */,
				52096E93163A78D000274925 /* 2_поздравления&40_с Днем Рождения&104_любимому .txt */,
				52096E94163A78D000274925 /* 2_поздравления&40_с Днем Рождения&105_мужу .txt */,
				52096E95163A78D000274925 /* 2_поздравления&40_с Днем Рождения&106_организации .txt */,
				52096E96163A78D000274925 /* 2_поздравления&40_с Днем Рождения&107_отдела .txt */,
				52096E97163A78D000274925 /* 2_поздравления&40_с Днем Рождения&108_офиса .txt */,
				52096E98163A78D000274925 /* 2_поздравления&40_с Днем Рождения&109_предприятия .txt */,
				52096EA3163A78DA00274925 /* 2_поздравления&40_с Днем Рождения&110_свату .txt */,
				52096EA4163A78DA00274925 /* 2_поздравления&40_с Днем Рождения&111_сватье .txt */,
				52096EA5163A78DA00274925 /* 2_поздравления&40_с Днем Рождения&112_сестре .txt */,
				52096EA6163A78DA00274925 /* 2_поздравления&40_с Днем Рождения&113_тестю .txt */,
				52096EA7163A78DA00274925 /* 2_поздравления&40_с Днем Рождения&114_фабрики .txt */,
				52096EA8163A78DA00274925 /* 2_поздравления&40_с Днем Рождения&115_фирмы .txt */,
				52096EA9163A78DA00274925 /* 2_поздравления&40_с Днем Рождения&116_свекрови .txt */,
				52096EAA163A78DA00274925 /* 2_поздравления&40_с Днем Рождения&117_свекру  .txt */,
				52096EAC163A78DA00274925 /* 2_поздравления&40_с Днем Рождения&118_сыну  .txt */,
				52096EAD163A78DA00274925 /* 2_поздравления&40_с Днем Рождения&119_тете  .txt */,
				52096EAE163A78DA00274925 /* 2_поздравления&40_с Днем Рождения&120_теще  .txt */,
				52096E4C163A789E00274925 /* 2_поздравления&40_с Днем Рождения&121_бабушке  .txt */,
				52096E4D163A789E00274925 /* 2_поздравления&40_с Днем Рождения&122_Внуку  .txt */,
				52096E53163A78AE00274925 /* 2_поздравления&40_с Днем Рождения&124_девочке.txt */,
				52096E54163A78AE00274925 /* 2_поздравления&40_с Днем Рождения&125_девушке  .txt */,
				52096E55163A78AE00274925 /* 2_поздравления&40_с Днем Рождения&126_дедушке  .txt */,
				52096E56163A78AE00274925 /* 2_поздравления&40_с Днем Рождения&127_дочке  .txt */,
				52096E57163A78AE00274925 /* 2_поздравления&40_с Днем Рождения&128_другу  .txt */,
				52096E58163A78AE00274925 /* 2_поздравления&40_с Днем Рождения&129_дяде  .txt */,
				52096E59163A78AE00274925 /* 2_поздравления&40_с Днем Рождения&130_жене  .txt */,
				52096E5A163A78AE00274925 /* 2_поздравления&40_с Днем Рождения&131_женщине  .txt */,
				52096E5B163A78AE00274925 /* 2_поздравления&40_с Днем Рождения&132_зятю  .txt */,
				52096E5C163A78AE00274925 /* 2_поздравления&40_с Днем Рождения&133_коллеге-женщине  .txt */,
				52096E69163A78BE00274925 /* 2_поздравления&40_с Днем Рождения&135_крестнику  .txt */,
				52096E6D163A78BE00274925 /* 2_поздравления&40_с Днем Рождения&138_куму  .txt */,
				52096E6E163A78BE00274925 /* 2_поздравления&40_с Днем Рождения&139_любовнику  .txt */,
				52096E6F163A78BE00274925 /* 2_поздравления&40_с Днем Рождения&140_любовнице   .txt */,
				52096E70163A78BE00274925 /* 2_поздравления&40_с Днем Рождения&141_мальчику .txt */,
				52096E71163A78BE00274925 /* 2_поздравления&40_с Днем Рождения&142_маме  .txt */,
				52096E72163A78BE00274925 /* 2_поздравления&40_с Днем Рождения&143_мужчине  .txt */,
				52096E73163A78BE00274925 /* 2_поздравления&40_с Днем Рождения&144_начальнику    .txt */,
				52096E74163A78BE00274925 /* 2_поздравления&40_с Днем Рождения&145_невестке  .txt */,
				52096E75163A78BE00274925 /* 2_поздравления&40_с Днем Рождения&146_одногруппнику  .txt */,
				52096E76163A78BE00274925 /* 2_поздравления&40_с Днем Рождения&147_одногруппнице  .txt */,
				52096E77163A78BE00274925 /* 2_поздравления&40_с Днем Рождения&148_папе  .txt */,
				52096E78163A78BE00274925 /* 2_поздравления&40_с Днем Рождения&149_парню  .txt */,
				52096E79163A78BE00274925 /* 2_поздравления&40_с Днем Рождения&150_племяннику  .txt */,
				52096E7A163A78BE00274925 /* 2_поздравления&40_с Днем Рождения&151_племяннице  .txt */,
				52096E7B163A78BE00274925 /* 2_поздравления&40_с Днем Рождения&152_прикольные  .txt */,
				52096E6A163A78BE00274925 /* 2_поздравления&40_с Днем Рождения?137_крестнице  .txt */,
				529E3B8115D1BFB400EA1685 /* 2_поздравления&42_с 23 февраля.txt */,
				529E3B8315D1C17500EA1685 /* 2_поздравления&44_с днем Святого Валентина.txt */,
				529E3B8515D1C2BE00EA1685 /* 2_поздравления&45_с Новым Годом.txt */,
			);
			name = "Поздравления";
			sourceTree = "<group>";
		};
		5266A1C5163A7430002009D7 /* Застольные песни */ = {
			isa = PBXGroup;
			children = (
				5270B8D216516EF1007F0FF6 /* 3_Застольные песни.txt */,
			);
			name = "Застольные песни";
			sourceTree = "<group>";
		};
		52AE8136164EBF340039A029 /* images */ = {
			isa = PBXGroup;
			children = (
				5205A32316501AFF006C34E7 /* cell backrounds */,
				5205A32216501AC8006C34E7 /* buttons */,
				5205A31E164FD635006C34E7 /* Aa.png */,
				5205A34A16502AF6006C34E7 /* Aа@2x.png */,
				5205A30E164FCBB4006C34E7 /* sectionView.png */,
				5205A3321650293A006C34E7 /* sectionView@2x.png */,
				5205A2EA164EE8F2006C34E7 /* celebraties.png */,
				5205A330165028BB006C34E7 /* celebraties@2x.png */,
				5205A2EB164EE8F2006C34E7 /* songs.png */,
				5205A32C16502856006C34E7 /* songs@2x.png */,
				5205A2EC164EE8F2006C34E7 /* toats.png */,
				5205A32E165028A1006C34E7 /* toats@2x.png */,
				5205A2D9164EE21A006C34E7 /* backgrnd.png */,
				5205A326165027A9006C34E7 /* backgrnd@2x.png */,
				52AE8177164ED0910039A029 /* navBar */,
				52AE8138164EBF600039A029 /* tabbar */,
			);
			name = images;
			sourceTree = "<group>";
		};
		52AE8138164EBF600039A029 /* tabbar */ = {
			isa = PBXGroup;
			children = (
				5205A303164FAE5B006C34E7 /* tabbar.png */,
				5205A33A165029A5006C34E7 /* tabbar@2x.png */,
				52AE8148164EC3CA0039A029 /* tab1_sel.png */,
				5205A33C165029E8006C34E7 /* tab1_sel@2x.png */,
				52AE8140164EC2FA0039A029 /* tab0_sel.png */,
				5205A33816502984006C34E7 /* tab0_sel@2x.png */,
				52AE8141164EC2FA0039A029 /* tab0.png */,
				5205A33616502966006C34E7 /* tab0@2x.png */,
				52AE8142164EC2FA0039A029 /* tab1.png */,
				5205A33416502957006C34E7 /* tab1@2x.png */,
			);
			name = tabbar;
			sourceTree = "<group>";
		};
		52AE8177164ED0910039A029 /* navBar */ = {
			isa = PBXGroup;
			children = (
				5270B8CC16516C12007F0FF6 /* info.png */,
				5270B8CD16516C12007F0FF6 /* info@2x.png */,
				52AE817E164ED1E00039A029 /* navbar.png */,
				5205A32A16502830006C34E7 /* navbar@2x.png */,
			);
			name = navBar;
			sourceTree = "<group>";
		};
		52E25EA615BC7D0D00AF82DE /* sourses */ = {
			isa = PBXGroup;
			children = (
				529B06A016522DDD003B9F9B /* aboutApp.html */,
				529B069E16522CD1003B9F9B /* aboutApp.css */,
				5205A2FD164F7929006C34E7 /* fonts */,
				52AE8136164EBF340039A029 /* images */,
				5266A1C5163A7430002009D7 /* Застольные песни */,
				5266A1C4163A741F002009D7 /* Поздравления */,
				5266A1C2163A73EF002009D7 /* Тосты */,
			);
			name = sourses;
			sourceTree = "<group>";
		};
		52E95ACC15BDE17B004DF9B7 /* tab_1 */ = {
			isa = PBXGroup;
			children = (
				5205A2E7164EE3A8006C34E7 /* Cells */,
				522854D715CD5FD70078DF6D /* MediaListTableVC.h */,
				522854D815CD5FD70078DF6D /* MediaListTableVC.m */,
				52DA77C315F25225009B7EC8 /* SongsListVC.h */,
				52DA77C415F25225009B7EC8 /* SongsListVC.m */,
				52E95ACE15BDE1B3004DF9B7 /* SubGroupsVC.h */,
				52E95ACF15BDE1B3004DF9B7 /* SubGroupsVC.m */,
				5251FF2915BAC8B40039C78C /* MainVC.h */,
				5251FF2A15BAC8B40039C78C /* MainVC.m */,
			);
			name = tab_1;
			sourceTree = "<group>";
		};
		52E95ACD15BDE186004DF9B7 /* tab_2 */ = {
			isa = PBXGroup;
			children = (
				52E25E9B15BC704500AF82DE /* FavoriteVC.h */,
				52E25E9C15BC704500AF82DE /* FavoriteVC.m */,
			);
			name = tab_2;
			sourceTree = "<group>";
		};
/* End PBXGroup section */

/* Begin PBXNativeTarget section */
		5251FEFD15BAC7F40039C78C /* RussianToast */ = {
			isa = PBXNativeTarget;
			buildConfigurationList = 5251FF1B15BAC7F50039C78C /* Build configuration list for PBXNativeTarget "RussianToast" */;
			buildPhases = (
				5251FEFA15BAC7F40039C78C /* Sources */,
				5251FEFB15BAC7F40039C78C /* Frameworks */,
				5251FEFC15BAC7F40039C78C /* Resources */,
			);
			buildRules = (
			);
			dependencies = (
			);
			name = RussianToast;
			productName = RussianToast;
			productReference = 5251FEFE15BAC7F40039C78C /* RussianToasts.app */;
			productType = "com.apple.product-type.application";
		};
/* End PBXNativeTarget section */

/* Begin PBXProject section */
		5251FEF515BAC7F40039C78C /* Project object */ = {
			isa = PBXProject;
			attributes = {
				CLASSPREFIX = ExPrefix;
				LastUpgradeCheck = 0440;
			};
			buildConfigurationList = 5251FEF815BAC7F40039C78C /* Build configuration list for PBXProject "RussianToast" */;
			compatibilityVersion = "Xcode 3.2";
			developmentRegion = English;
			hasScannedForEncodings = 0;
			knownRegions = (
				en,
			);
			mainGroup = 5251FEF315BAC7F40039C78C;
			productRefGroup = 5251FEFF15BAC7F40039C78C /* Products */;
			projectDirPath = "";
			projectRoot = "";
			targets = (
				5251FEFD15BAC7F40039C78C /* RussianToast */,
			);
		};
/* End PBXProject section */

/* Begin PBXResourcesBuildPhase section */
		5251FEFC15BAC7F40039C78C /* Resources */ = {
			isa = PBXResourcesBuildPhase;
			buildActionMask = 2147483647;
			files = (
				5205A357165032F9006C34E7 /* 1_Тосты&17_с новым годом.txt in Resources */,
				5205A355165032E5006C34E7 /* 1_Тосты&21_бизнес.txt in Resources */,
				5205A353165032CA006C34E7 /* 1_Тосты&20_военные.txt in Resources */,
				5205A321164FE053006C34E7 /* MyriadPro-It.otf in Resources */,
				5205A302164F8108006C34E7 /* LOBSTER.TTF in Resources */,
				5251FF0F15BAC7F40039C78C /* InfoPlist.strings in Resources */,
				529E3B7F15D1BE1D00EA1685 /* 2_поздравления&41_c 8 марта.txt in Resources */,
				529E3B8215D1BFB400EA1685 /* 2_поздравления&42_с 23 февраля.txt in Resources */,
				529E3B8415D1C17500EA1685 /* 2_поздравления&44_с днем Святого Валентина.txt in Resources */,
				529E3B8615D1C2BE00EA1685 /* 2_поздравления&45_с Новым Годом.txt in Resources */,
				52096E4F163A789E00274925 /* 2_поздравления&40_с Днем Рождения&121_бабушке  .txt in Resources */,
				52096E50163A789E00274925 /* 2_поздравления&40_с Днем Рождения&122_Внуку  .txt in Resources */,
				52096E5E163A78AE00274925 /* 2_поздравления&40_с Днем Рождения&124_девочке.txt in Resources */,
				52096E5F163A78AE00274925 /* 2_поздравления&40_с Днем Рождения&125_девушке  .txt in Resources */,
				52096E60163A78AE00274925 /* 2_поздравления&40_с Днем Рождения&126_дедушке  .txt in Resources */,
				52096E61163A78AE00274925 /* 2_поздравления&40_с Днем Рождения&127_дочке  .txt in Resources */,
				52096E62163A78AE00274925 /* 2_поздравления&40_с Днем Рождения&128_другу  .txt in Resources */,
				52096E63163A78AE00274925 /* 2_поздравления&40_с Днем Рождения&129_дяде  .txt in Resources */,
				52096E64163A78AE00274925 /* 2_поздравления&40_с Днем Рождения&130_жене  .txt in Resources */,
				52096E65163A78AE00274925 /* 2_поздравления&40_с Днем Рождения&131_женщине  .txt in Resources */,
				52096E66163A78AE00274925 /* 2_поздравления&40_с Днем Рождения&132_зятю  .txt in Resources */,
				52096E67163A78AE00274925 /* 2_поздравления&40_с Днем Рождения&133_коллеге-женщине  .txt in Resources */,
				52096E7C163A78BE00274925 /* 2_поздравления&40_с Днем Рождения&135_крестнику  .txt in Resources */,
				52096E7D163A78BE00274925 /* 2_поздравления&40_с Днем Рождения?137_крестнице  .txt in Resources */,
				52096E7E163A78BE00274925 /* 2_поздравления&40_с Днем Рождения&154_крестной маме .txt in Resources */,
				52096E7F163A78BE00274925 /* 2_поздравления&40_с Днем Рождения&153_крестному .txt in Resources */,
				52096E80163A78BE00274925 /* 2_поздравления&40_с Днем Рождения&138_куму  .txt in Resources */,
				52096E81163A78BE00274925 /* 2_поздравления&40_с Днем Рождения&139_любовнику  .txt in Resources */,
				52096E82163A78BE00274925 /* 2_поздравления&40_с Днем Рождения&140_любовнице   .txt in Resources */,
				52096E83163A78BE00274925 /* 2_поздравления&40_с Днем Рождения&141_мальчику .txt in Resources */,
				52096E84163A78BE00274925 /* 2_поздравления&40_с Днем Рождения&142_маме  .txt in Resources */,
				52096E85163A78BE00274925 /* 2_поздравления&40_с Днем Рождения&143_мужчине  .txt in Resources */,
				52096E86163A78BE00274925 /* 2_поздравления&40_с Днем Рождения&144_начальнику    .txt in Resources */,
				52096E87163A78BE00274925 /* 2_поздравления&40_с Днем Рождения&145_невестке  .txt in Resources */,
				52096E88163A78BE00274925 /* 2_поздравления&40_с Днем Рождения&146_одногруппнику  .txt in Resources */,
				52096E89163A78BE00274925 /* 2_поздравления&40_с Днем Рождения&147_одногруппнице  .txt in Resources */,
				52096E8A163A78BE00274925 /* 2_поздравления&40_с Днем Рождения&148_папе  .txt in Resources */,
				52096E8B163A78BE00274925 /* 2_поздравления&40_с Днем Рождения&149_парню  .txt in Resources */,
				52096E8C163A78BE00274925 /* 2_поздравления&40_с Днем Рождения&150_племяннику  .txt in Resources */,
				52096E8D163A78BE00274925 /* 2_поздравления&40_с Днем Рождения&151_племяннице  .txt in Resources */,
				52096E8E163A78BE00274925 /* 2_поздравления&40_с Днем Рождения&152_прикольные  .txt in Resources */,
				52096E99163A78D000274925 /* 2_поздравления&40_с Днем Рождения&100_брату .txt in Resources */,
				52096E9A163A78D000274925 /* 2_поздравления&40_с Днем Рождения&101_завод .txt in Resources */,
				52096E9B163A78D000274925 /* 2_поздравления&40_с Днем Рождения&102_компании.txt in Resources */,
				52096E9C163A78D000274925 /* 2_поздравления&40_с Днем Рождения&103_куме .txt in Resources */,
				52096E9D163A78D000274925 /* 2_поздравления&40_с Днем Рождения&104_любимому .txt in Resources */,
				52096E9E163A78D000274925 /* 2_поздравления&40_с Днем Рождения&105_мужу .txt in Resources */,
				52096E9F163A78D000274925 /* 2_поздравления&40_с Днем Рождения&106_организации .txt in Resources */,
				52096EA0163A78D000274925 /* 2_поздравления&40_с Днем Рождения&107_отдела .txt in Resources */,
				52096EA1163A78D000274925 /* 2_поздравления&40_с Днем Рождения&108_офиса .txt in Resources */,
				52096EA2163A78D000274925 /* 2_поздравления&40_с Днем Рождения&109_предприятия .txt in Resources */,
				52096EAF163A78DA00274925 /* 2_поздравления&40_с Днем Рождения&110_свату .txt in Resources */,
				52096EB0163A78DA00274925 /* 2_поздравления&40_с Днем Рождения&111_сватье .txt in Resources */,
				52096EB1163A78DA00274925 /* 2_поздравления&40_с Днем Рождения&112_сестре .txt in Resources */,
				52096EB2163A78DA00274925 /* 2_поздравления&40_с Днем Рождения&113_тестю .txt in Resources */,
				52096EB3163A78DA00274925 /* 2_поздравления&40_с Днем Рождения&114_фабрики .txt in Resources */,
				52096EB4163A78DA00274925 /* 2_поздравления&40_с Днем Рождения&115_фирмы .txt in Resources */,
				52096EB5163A78DA00274925 /* 2_поздравления&40_с Днем Рождения&116_свекрови .txt in Resources */,
				52096EB6163A78DA00274925 /* 2_поздравления&40_с Днем Рождения&117_свекру  .txt in Resources */,
				52096EB8163A78DA00274925 /* 2_поздравления&40_с Днем Рождения&118_сыну  .txt in Resources */,
				52096EB9163A78DA00274925 /* 2_поздравления&40_с Днем Рождения&119_тете  .txt in Resources */,
				52096EBA163A78DA00274925 /* 2_поздравления&40_с Днем Рождения&120_теще  .txt in Resources */,
				52F48BB6164670BA00F0F1A5 /* 1_Тосты&11_муж и жена.txt in Resources */,
				52F48BB7164670BA00F0F1A5 /* 1_Тосты&12_за мужчин.txt in Resources */,
				52F48BB8164670BA00F0F1A5 /* 1_Тосты&22_за здоровье.txt in Resources */,
				52F48BB9164670BA00F0F1A5 /* 1_Тосты&15_тосты одной строкой.txt in Resources */,
				52F48BBA164670BA00F0F1A5 /* 1_Тосты&19_свадьба.txt in Resources */,
				52F48BBC164670BA00F0F1A5 /* 1_Тосты&23_за счастье, удачу.txt in Resources */,
				52F48BBD164670BA00F0F1A5 /* 1_Тосты&24_за друзей.txt in Resources */,
				52F48BBE164670BA00F0F1A5 /* 1_Тосты&10_за гостей и хозяев.txt in Resources */,
				52F48BBF164670BA00F0F1A5 /* 1_Тосты&13_за женщин.txt in Resources */,
				52F48BC0164670BA00F0F1A5 /* 1_Тосты&14_разные.txt in Resources */,
				52F48BC2164670BA00F0F1A5 /* 1_Тосты&18_именины.txt in Resources */,
				52F48BC3164670BA00F0F1A5 /* 1_Тосты&16_юбилеи.txt in Resources */,
				52AE8144164EC2FA0039A029 /* tab0_sel.png in Resources */,
				52AE8145164EC2FA0039A029 /* tab0.png in Resources */,
				52AE8146164EC2FA0039A029 /* tab1.png in Resources */,
				52AE8149164EC3CA0039A029 /* tab1_sel.png in Resources */,
				52AE8180164ED1E00039A029 /* navbar.png in Resources */,
				5205A2DA164EE21A006C34E7 /* backgrnd.png in Resources */,
				5205A2E9164EE609006C34E7 /* bigCellView.png in Resources */,
				5205A2ED164EE8F3006C34E7 /* celebraties.png in Resources */,
				5205A2EE164EE8F3006C34E7 /* songs.png in Resources */,
				5205A2EF164EE8F3006C34E7 /* toats.png in Resources */,
				5205A300164F7957006C34E7 /* MyriadPro-Bold.otf in Resources */,
				5205A304164FAE5B006C34E7 /* tabbar.png in Resources */,
				5205A306164FC72F006C34E7 /* smallCellView.png in Resources */,
				5205A308164FC795006C34E7 /* Default.png in Resources */,
				5205A30A164FC79C006C34E7 /* Default@2x.png in Resources */,
				5205A30F164FCBB4006C34E7 /* sectionView.png in Resources */,
				5205A31A164FD5DE006C34E7 /* favorite_sel.png in Resources */,
				5205A31B164FD5DE006C34E7 /* favorite.png in Resources */,
				5205A31C164FD5DE006C34E7 /* minus.png in Resources */,
				5205A31D164FD5DE006C34E7 /* plus.png in Resources */,
				5205A31F164FD636006C34E7 /* Aa.png in Resources */,
				5205A32516501BE1006C34E7 /* share.png in Resources */,
				5205A327165027AB006C34E7 /* backgrnd@2x.png in Resources */,
				5205A32B16502830006C34E7 /* navbar@2x.png in Resources */,
				5205A32D16502858006C34E7 /* songs@2x.png in Resources */,
				5205A32F165028A4006C34E7 /* toats@2x.png in Resources */,
				5205A331165028BD006C34E7 /* celebraties@2x.png in Resources */,
				5205A3331650293B006C34E7 /* sectionView@2x.png in Resources */,
				5205A33516502958006C34E7 /* tab1@2x.png in Resources */,
				5205A33716502966006C34E7 /* tab0@2x.png in Resources */,
				5205A33916502985006C34E7 /* tab0_sel@2x.png in Resources */,
				5205A33B165029A6006C34E7 /* tabbar@2x.png in Resources */,
				5205A33D165029E9006C34E7 /* tab1_sel@2x.png in Resources */,
				5205A33F16502A25006C34E7 /* favorite@2x.png in Resources */,
				5205A34116502A3F006C34E7 /* favorite_sel@2x.png in Resources */,
				5205A34316502A6A006C34E7 /* plus@2x.png in Resources */,
				5205A34516502A7A006C34E7 /* minus@2x.png in Resources */,
				5205A34716502AA0006C34E7 /* bigCellView@2x.png in Resources */,
				5205A34916502AD5006C34E7 /* smallCellView@2x.png in Resources */,
				5205A34B16502AF8006C34E7 /* Aа@2x.png in Resources */,
				5205A34D16502B1F006C34E7 /* back_main@2x.png in Resources */,
				5205A34F16502B30006C34E7 /* share@2x.png in Resources */,
				5270B8CE16516C12007F0FF6 /* info.png in Resources */,
				5270B8CF16516C12007F0FF6 /* info@2x.png in Resources */,
				5270B8D316516EF1007F0FF6 /* 3_Застольные песни.txt in Resources */,
				529B068616520B22003B9F9B /* 57.png in Resources */,
				529B068916520B2D003B9F9B /* 114.png in Resources */,
				529B069F16522CD1003B9F9B /* aboutApp.css in Resources */,
				529B06A116522DDD003B9F9B /* aboutApp.html in Resources */,
				529B06A516524090003B9F9B /* 29.png in Resources */,
				529B06A616524090003B9F9B /* 58.png in Resources */,
				529B06A716524090003B9F9B /* 72.png in Resources */,
				529B06B116525602003B9F9B /* back_main.png in Resources */,
				529B06B416525613003B9F9B /* back@2x.png in Resources */,
				529B06B516525613003B9F9B /* back.png in Resources */,
				52D7B8BA165572FB009B171A /* nextBtn@2x.png in Resources */,
				52D7B8BC165572FB009B171A /* previosBtn@2x.png in Resources */,
				52D7B8BF165573A7009B171A /* nextBtn.png in Resources */,
				52D7B8C1165573AF009B171A /* previosBtn.png in Resources */,
			);
			runOnlyForDeploymentPostprocessing = 0;
		};
/* End PBXResourcesBuildPhase section */

/* Begin PBXSourcesBuildPhase section */
		5251FEFA15BAC7F40039C78C /* Sources */ = {
			isa = PBXSourcesBuildPhase;
			buildActionMask = 2147483647;
			files = (
				52AE8147164EC33D0039A029 /* CustomTabbarController.m in Sources */,
				5251FF1115BAC7F40039C78C /* main.m in Sources */,
				5251FF1515BAC7F40039C78C /* ExPrefixAppDelegate.m in Sources */,
				5251FF1815BAC7F50039C78C /* RussianToast.xcdatamodeld in Sources */,
				5251FF2B15BAC8B40039C78C /* MainVC.m in Sources */,
				5251FF3815BAD1140039C78C /* CoreDataManager.m in Sources */,
				52E25E9D15BC704500AF82DE /* FavoriteVC.m in Sources */,
				52E95AD015BDE1B3004DF9B7 /* SubGroupsVC.m in Sources */,
				522854D915CD5FD70078DF6D /* MediaListTableVC.m in Sources */,
				522854DD15CD69E00078DF6D /* DetailVC.m in Sources */,
				52DA77C515F25225009B7EC8 /* SongsListVC.m in Sources */,
				52F48BC91646743F00F0F1A5 /* InfoVC.m in Sources */,
				527159CC164ED74400566C95 /* GroupDB.m in Sources */,
				5205A2D8164EDB44006C34E7 /* CustomNabBar.m in Sources */,
				5205A2E6164EE3A4006C34E7 /* MainCell.m in Sources */,
				5205A30D164FC92C006C34E7 /* SongCell.m in Sources */,
				5205A312164FCE06006C34E7 /* MyLabel.m in Sources */,
				529B06AF16524C4B003B9F9B /* RootVC.m in Sources */,
				52B786AD16527E6F0083E134 /* MediaDB.m in Sources */,
			);
			runOnlyForDeploymentPostprocessing = 0;
		};
/* End PBXSourcesBuildPhase section */

/* Begin PBXVariantGroup section */
		5251FF0D15BAC7F40039C78C /* InfoPlist.strings */ = {
			isa = PBXVariantGroup;
			children = (
				5251FF0E15BAC7F40039C78C /* en */,
			);
			name = InfoPlist.strings;
			sourceTree = "<group>";
		};
/* End PBXVariantGroup section */

/* Begin XCBuildConfiguration section */
		5251FF1915BAC7F50039C78C /* Debug */ = {
			isa = XCBuildConfiguration;
			buildSettings = {
				ALWAYS_SEARCH_USER_PATHS = NO;
				ARCHS = "$(ARCHS_STANDARD_32_BIT)";
				CODE_SIGN_IDENTITY = "iPhone Developer: Ivan Polyntsev (8HTUPZQ8YU)";
				COPY_PHASE_STRIP = NO;
				GCC_C_LANGUAGE_STANDARD = gnu99;
				GCC_DYNAMIC_NO_PIC = NO;
				GCC_OPTIMIZATION_LEVEL = 0;
				GCC_PREPROCESSOR_DEFINITIONS = (
					"DEBUG=1",
					"$(inherited)",
				);
				GCC_SYMBOLS_PRIVATE_EXTERN = NO;
				GCC_THUMB_SUPPORT = NO;
				GCC_VERSION = com.apple.compilers.llvm.clang.1_0;
				GCC_WARN_ABOUT_RETURN_TYPE = YES;
				GCC_WARN_UNINITIALIZED_AUTOS = YES;
				GCC_WARN_UNUSED_VARIABLE = YES;
				IPHONEOS_DEPLOYMENT_TARGET = 4.3;
				PROVISIONING_PROFILE = "63CF7CAE-AB36-4208-9B83-5C1ED1475488";
				SDKROOT = iphoneos;
				VALIDATE_PRODUCT = YES;
			};
			name = Debug;
		};
		5251FF1A15BAC7F50039C78C /* Release */ = {
			isa = XCBuildConfiguration;
			buildSettings = {
				ALWAYS_SEARCH_USER_PATHS = NO;
				ARCHS = "$(ARCHS_STANDARD_32_BIT)";
				CODE_SIGN_IDENTITY = "iPhone Distribution: Ivan Polyntsev";
				COPY_PHASE_STRIP = YES;
				GCC_C_LANGUAGE_STANDARD = gnu99;
				GCC_THUMB_SUPPORT = NO;
				GCC_VERSION = com.apple.compilers.llvm.clang.1_0;
				GCC_WARN_ABOUT_RETURN_TYPE = YES;
				GCC_WARN_UNINITIALIZED_AUTOS = YES;
				GCC_WARN_UNUSED_VARIABLE = YES;
				IPHONEOS_DEPLOYMENT_TARGET = 4.3;
				OTHER_CFLAGS = "-DNS_BLOCK_ASSERTIONS=1";
				PROVISIONING_PROFILE = "700C5229-AF3C-44E3-AF35-BF3A58DF3CE0";
				SDKROOT = iphoneos;
				VALIDATE_PRODUCT = YES;
			};
			name = Release;
		};
		5251FF1C15BAC7F50039C78C /* Debug */ = {
			isa = XCBuildConfiguration;
			buildSettings = {
				CODE_SIGN_IDENTITY = "iPhone Developer: Ivan Polyntsev (8HTUPZQ8YU)";
				GCC_PRECOMPILE_PREFIX_HEADER = YES;
				GCC_PREFIX_HEADER = "RussianToast/RussianToast-Prefix.pch";
				GCC_THUMB_SUPPORT = NO;
				INFOPLIST_FILE = "RussianToast/RussianToast-Info.plist";
				IPHONEOS_DEPLOYMENT_TARGET = 4.3;
				PRODUCT_NAME = RussianToasts;
				PROVISIONING_PROFILE = "63CF7CAE-AB36-4208-9B83-5C1ED1475488";
				VALID_ARCHS = "armv7 armv7s";
				WRAPPER_EXTENSION = app;
			};
			name = Debug;
		};
		5251FF1D15BAC7F50039C78C /* Release */ = {
			isa = XCBuildConfiguration;
			buildSettings = {
				CODE_SIGN_IDENTITY = "iPhone Distribution: Ivan Polyntsev";
				GCC_PRECOMPILE_PREFIX_HEADER = YES;
				GCC_PREFIX_HEADER = "RussianToast/RussianToast-Prefix.pch";
				GCC_THUMB_SUPPORT = NO;
				INFOPLIST_FILE = "RussianToast/RussianToast-Info.plist";
				IPHONEOS_DEPLOYMENT_TARGET = 4.3;
				PRODUCT_NAME = RussianToasts;
				PROVISIONING_PROFILE = "700C5229-AF3C-44E3-AF35-BF3A58DF3CE0";
				VALID_ARCHS = "armv7 armv7s";
				WRAPPER_EXTENSION = app;
			};
			name = Release;
		};
		52C937DC15FCFE0100EBB252 /* AdHoc */ = {
			isa = XCBuildConfiguration;
			buildSettings = {
				ALWAYS_SEARCH_USER_PATHS = NO;
				ARCHS = "$(ARCHS_STANDARD_32_BIT)";
				CODE_SIGN_IDENTITY = "iPhone Distribution: Ivan Polyntsev";
				COPY_PHASE_STRIP = NO;
				GCC_C_LANGUAGE_STANDARD = gnu99;
				GCC_DYNAMIC_NO_PIC = NO;
				GCC_OPTIMIZATION_LEVEL = 0;
				GCC_PREPROCESSOR_DEFINITIONS = (
					"DEBUG=1",
					"$(inherited)",
				);
				GCC_SYMBOLS_PRIVATE_EXTERN = NO;
				GCC_THUMB_SUPPORT = NO;
				GCC_VERSION = com.apple.compilers.llvm.clang.1_0;
				GCC_WARN_ABOUT_RETURN_TYPE = YES;
				GCC_WARN_UNINITIALIZED_AUTOS = YES;
				GCC_WARN_UNUSED_VARIABLE = YES;
				IPHONEOS_DEPLOYMENT_TARGET = 4.3;
				PROVISIONING_PROFILE = "700C5229-AF3C-44E3-AF35-BF3A58DF3CE0";
				SDKROOT = iphoneos;
				VALIDATE_PRODUCT = YES;
			};
			name = AdHoc;
		};
		52C937DD15FCFE0100EBB252 /* AdHoc */ = {
			isa = XCBuildConfiguration;
			buildSettings = {
				CODE_SIGN_IDENTITY = "iPhone Distribution: Ivan Polyntsev";
				GCC_PRECOMPILE_PREFIX_HEADER = YES;
				GCC_PREFIX_HEADER = "RussianToast/RussianToast-Prefix.pch";
				GCC_THUMB_SUPPORT = NO;
				INFOPLIST_FILE = "RussianToast/RussianToast-Info.plist";
				IPHONEOS_DEPLOYMENT_TARGET = 4.3;
				PRODUCT_NAME = RussianToasts;
				PROVISIONING_PROFILE = "700C5229-AF3C-44E3-AF35-BF3A58DF3CE0";
				VALID_ARCHS = "armv7 armv7s";
				WRAPPER_EXTENSION = app;
			};
			name = AdHoc;
		};
/* End XCBuildConfiguration section */

/* Begin XCConfigurationList section */
		5251FEF815BAC7F40039C78C /* Build configuration list for PBXProject "RussianToast" */ = {
			isa = XCConfigurationList;
			buildConfigurations = (
				5251FF1915BAC7F50039C78C /* Debug */,
				52C937DC15FCFE0100EBB252 /* AdHoc */,
				5251FF1A15BAC7F50039C78C /* Release */,
			);
			defaultConfigurationIsVisible = 0;
			defaultConfigurationName = Release;
		};
		5251FF1B15BAC7F50039C78C /* Build configuration list for PBXNativeTarget "RussianToast" */ = {
			isa = XCConfigurationList;
			buildConfigurations = (
				5251FF1C15BAC7F50039C78C /* Debug */,
				52C937DD15FCFE0100EBB252 /* AdHoc */,
				5251FF1D15BAC7F50039C78C /* Release */,
			);
			defaultConfigurationIsVisible = 0;
			defaultConfigurationName = Release;
		};
/* End XCConfigurationList section */

/* Begin XCVersionGroup section */
		5251FF1615BAC7F50039C78C /* RussianToast.xcdatamodeld */ = {
			isa = XCVersionGroup;
			children = (
				5251FF1715BAC7F50039C78C /* RussianToast.xcdatamodel */,
			);
			currentVersion = 5251FF1715BAC7F50039C78C /* RussianToast.xcdatamodel */;
			path = RussianToast.xcdatamodeld;
			sourceTree = "<group>";
			versionGroupType = wrapper.xcdatamodel;
		};
/* End XCVersionGroup section */
	};
	rootObject = 5251FEF515BAC7F40039C78C /* Project object */;
}
